lockVersion: 2.0.0
id: 3b92187c-e150-4a7c-9381-a62db9757019
management:
  docChecksum: 4dd3691e8d9cbb167c6a1a7bffed41b8
  docVersion: "1.1"
  speakeasyVersion: 1.446.1
  generationVersion: 2.462.1
  releaseVersion: 6.0.0
  configChecksum: 2a50d118ee0568e3c9e55392665245a1
  repoURL: https://github.com/codatio/client-sdk-python.git
  repoSubDirectory: sync-for-commerce
  installationURL: https://github.com/codatio/client-sdk-python.git#subdirectory=sync-for-commerce
  published: true
features:
  python:
    additionalDependencies: 1.0.0
    constsAndDefaults: 1.0.5
    core: 5.6.8
    defaultEnabledRetries: 0.2.0
    deprecations: 3.0.0
    enumUnions: 0.1.0
    envVarSecurityUsage: 0.3.2
    examples: 3.0.0
    globalSecurity: 3.0.2
    globalSecurityCallbacks: 1.0.0
    globalServerURLs: 3.0.0
    methodArguments: 1.0.2
    nameOverrides: 3.0.0
    nullables: 1.0.0
    responseFormat: 1.0.1
    retries: 3.0.2
    sdkHooks: 1.0.0
    serverEventsSentinels: 0.1.0
    webhooks: 2.0.0
generatedFiles:
  - .gitattributes
  - .python-version
  - .vscode/settings.json
  - CONTRIBUTING.md
  - USAGE.md
  - docs/models/errors/errormessage.md
  - docs/models/operations/createconnectionrequest.md
  - docs/models/operations/createconnectionrequestbody.md
  - docs/models/operations/getconfigtextsyncflowrequest.md
  - docs/models/operations/getconfigurationrequest.md
  - docs/models/operations/getintegrationbrandingrequest.md
  - docs/models/operations/getlastsuccessfulsyncrequest.md
  - docs/models/operations/getlatestsyncrequest.md
  - docs/models/operations/getsyncbyidrequest.md
  - docs/models/operations/getsyncflowurlrequest.md
  - docs/models/operations/getsyncstatusrequest.md
  - docs/models/operations/getvisibleaccountsrequest.md
  - docs/models/operations/listcompaniesrequest.md
  - docs/models/operations/listconnectionsrequest.md
  - docs/models/operations/listintegrationsrequest.md
  - docs/models/operations/listsyncsrequest.md
  - docs/models/operations/requestsyncfordaterangerequest.md
  - docs/models/operations/requestsyncrequest.md
  - docs/models/operations/setconfigurationrequest.md
  - docs/models/operations/updateconfigtextsyncflowrequest.md
  - docs/models/operations/updateconnectionauthorizationrequest.md
  - docs/models/operations/updateconnectionrequest.md
  - docs/models/operations/updatevisibleaccountssyncflowrequest.md
  - docs/models/shared/accountconfiguration.md
  - docs/models/shared/accountconfigurationoption.md
  - docs/models/shared/branding.md
  - docs/models/shared/brandingbutton.md
  - docs/models/shared/brandingimage.md
  - docs/models/shared/brandinglogo.md
  - docs/models/shared/commerceconfiguration.md
  - docs/models/shared/companies.md
  - docs/models/shared/company.md
  - docs/models/shared/companyreference.md
  - docs/models/shared/companyreferencelinks.md
  - docs/models/shared/companysyncstatus.md
  - docs/models/shared/configuration.md
  - docs/models/shared/configurationmapsettings.md
  - docs/models/shared/configurationoption.md
  - docs/models/shared/connection.md
  - docs/models/shared/connections.md
  - docs/models/shared/connectionwebhook.md
  - docs/models/shared/connectionwebhookpayload.md
  - docs/models/shared/createcompany.md
  - docs/models/shared/dataconnectionerror.md
  - docs/models/shared/dataconnectionstatus.md
  - docs/models/shared/datatypefeature.md
  - docs/models/shared/datatypes.md
  - docs/models/shared/daterange.md
  - docs/models/shared/errorstatus.md
  - docs/models/shared/errorvalidation.md
  - docs/models/shared/errorvalidationitem.md
  - docs/models/shared/featurestate.md
  - docs/models/shared/featuretype.md
  - docs/models/shared/feesconfiguration.md
  - docs/models/shared/feessupplier.md
  - docs/models/shared/grouping.md
  - docs/models/shared/groupinglevels.md
  - docs/models/shared/groupingperiod.md
  - docs/models/shared/halref.md
  - docs/models/shared/imagereference.md
  - docs/models/shared/integration.md
  - docs/models/shared/integrations.md
  - docs/models/shared/invoicelevelselection.md
  - docs/models/shared/invoicelinelevelselection.md
  - docs/models/shared/invoicestatus.md
  - docs/models/shared/links.md
  - docs/models/shared/locale.md
  - docs/models/shared/localization.md
  - docs/models/shared/newpaymentsconfiguration.md
  - docs/models/shared/newtaxrates.md
  - docs/models/shared/outputformat.md
  - docs/models/shared/paymentsconfiguration.md
  - docs/models/shared/salesconfiguration.md
  - docs/models/shared/salescustomer.md
  - docs/models/shared/security.md
  - docs/models/shared/sourcetype.md
  - docs/models/shared/supportedfeature.md
  - docs/models/shared/syncconnectiondeletedwebhook.md
  - docs/models/shared/syncdaterangeutc.md
  - docs/models/shared/syncflowurl.md
  - docs/models/shared/syncfrequency.md
  - docs/models/shared/syncrange.md
  - docs/models/shared/syncschedule.md
  - docs/models/shared/syncstatus.md
  - docs/models/shared/syncsummary.md
  - docs/models/shared/synctolatestargs.md
  - docs/models/shared/taxrateamount.md
  - docs/models/shared/taxratemapping.md
  - docs/models/shared/updateconnection.md
  - docs/models/shared/visibleaccounts.md
  - docs/models/utils/retryconfig.md
  - docs/sdks/advancedcontrols/README.md
  - docs/sdks/codatsynccommerce/README.md
  - docs/sdks/connections/README.md
  - docs/sdks/integrations/README.md
  - docs/sdks/sync/README.md
  - docs/sdks/syncflowsettings/README.md
  - poetry.toml
  - py.typed
  - pylintrc
  - pyproject.toml
  - scripts/prepare-readme.py
  - scripts/publish.sh
  - src/codat_sync_for_commerce/__init__.py
  - src/codat_sync_for_commerce/_hooks/__init__.py
  - src/codat_sync_for_commerce/_hooks/sdkhooks.py
  - src/codat_sync_for_commerce/_hooks/types.py
  - src/codat_sync_for_commerce/_version.py
  - src/codat_sync_for_commerce/advanced_controls.py
  - src/codat_sync_for_commerce/basesdk.py
  - src/codat_sync_for_commerce/connections.py
  - src/codat_sync_for_commerce/httpclient.py
  - src/codat_sync_for_commerce/integrations.py
  - src/codat_sync_for_commerce/models/errors/__init__.py
  - src/codat_sync_for_commerce/models/errors/errormessage.py
  - src/codat_sync_for_commerce/models/errors/sdkerror.py
  - src/codat_sync_for_commerce/models/operations/__init__.py
  - src/codat_sync_for_commerce/models/operations/create_connection.py
  - src/codat_sync_for_commerce/models/operations/get_config_text_sync_flow.py
  - src/codat_sync_for_commerce/models/operations/get_configuration.py
  - src/codat_sync_for_commerce/models/operations/get_integration_branding.py
  - src/codat_sync_for_commerce/models/operations/get_last_successful_sync.py
  - src/codat_sync_for_commerce/models/operations/get_latest_sync.py
  - src/codat_sync_for_commerce/models/operations/get_sync_by_id.py
  - src/codat_sync_for_commerce/models/operations/get_sync_flow_url.py
  - src/codat_sync_for_commerce/models/operations/get_sync_status.py
  - src/codat_sync_for_commerce/models/operations/get_visible_accounts.py
  - src/codat_sync_for_commerce/models/operations/list_companies.py
  - src/codat_sync_for_commerce/models/operations/list_connections.py
  - src/codat_sync_for_commerce/models/operations/list_integrations.py
  - src/codat_sync_for_commerce/models/operations/list_syncs.py
  - src/codat_sync_for_commerce/models/operations/request_sync.py
  - src/codat_sync_for_commerce/models/operations/request_sync_for_date_range.py
  - src/codat_sync_for_commerce/models/operations/set_configuration.py
  - src/codat_sync_for_commerce/models/operations/update_config_text_sync_flow.py
  - src/codat_sync_for_commerce/models/operations/update_connection.py
  - src/codat_sync_for_commerce/models/operations/update_connection_authorization.py
  - src/codat_sync_for_commerce/models/operations/update_visible_accounts_sync_flow.py
  - src/codat_sync_for_commerce/models/shared/__init__.py
  - src/codat_sync_for_commerce/models/shared/accountconfiguration.py
  - src/codat_sync_for_commerce/models/shared/accountconfigurationoption.py
  - src/codat_sync_for_commerce/models/shared/branding.py
  - src/codat_sync_for_commerce/models/shared/brandingbutton.py
  - src/codat_sync_for_commerce/models/shared/brandingimage.py
  - src/codat_sync_for_commerce/models/shared/brandinglogo.py
  - src/codat_sync_for_commerce/models/shared/commerceconfiguration.py
  - src/codat_sync_for_commerce/models/shared/companies.py
  - src/codat_sync_for_commerce/models/shared/company.py
  - src/codat_sync_for_commerce/models/shared/companyreference.py
  - src/codat_sync_for_commerce/models/shared/companysyncstatus.py
  - src/codat_sync_for_commerce/models/shared/configuration.py
  - src/codat_sync_for_commerce/models/shared/configurationmapsettings.py
  - src/codat_sync_for_commerce/models/shared/configurationoption.py
  - src/codat_sync_for_commerce/models/shared/connection.py
  - src/codat_sync_for_commerce/models/shared/connections.py
  - src/codat_sync_for_commerce/models/shared/connectionwebhook.py
  - src/codat_sync_for_commerce/models/shared/connectionwebhookpayload.py
  - src/codat_sync_for_commerce/models/shared/createcompany.py
  - src/codat_sync_for_commerce/models/shared/dataconnectionerror.py
  - src/codat_sync_for_commerce/models/shared/dataconnectionstatus.py
  - src/codat_sync_for_commerce/models/shared/datatypefeature.py
  - src/codat_sync_for_commerce/models/shared/errorvalidation.py
  - src/codat_sync_for_commerce/models/shared/errorvalidationitem.py
  - src/codat_sync_for_commerce/models/shared/featurestate.py
  - src/codat_sync_for_commerce/models/shared/featuretype.py
  - src/codat_sync_for_commerce/models/shared/feesconfiguration.py
  - src/codat_sync_for_commerce/models/shared/feessupplier.py
  - src/codat_sync_for_commerce/models/shared/grouping.py
  - src/codat_sync_for_commerce/models/shared/groupinglevels.py
  - src/codat_sync_for_commerce/models/shared/groupingperiod.py
  - src/codat_sync_for_commerce/models/shared/halref.py
  - src/codat_sync_for_commerce/models/shared/imagereference.py
  - src/codat_sync_for_commerce/models/shared/integration.py
  - src/codat_sync_for_commerce/models/shared/integrations.py
  - src/codat_sync_for_commerce/models/shared/invoicelevelselection.py
  - src/codat_sync_for_commerce/models/shared/invoicelinelevelselection.py
  - src/codat_sync_for_commerce/models/shared/invoicestatus.py
  - src/codat_sync_for_commerce/models/shared/links.py
  - src/codat_sync_for_commerce/models/shared/locale.py
  - src/codat_sync_for_commerce/models/shared/localization.py
  - src/codat_sync_for_commerce/models/shared/newpaymentsconfiguration.py
  - src/codat_sync_for_commerce/models/shared/newtaxrates.py
  - src/codat_sync_for_commerce/models/shared/paymentsconfiguration.py
  - src/codat_sync_for_commerce/models/shared/salesconfiguration.py
  - src/codat_sync_for_commerce/models/shared/salescustomer.py
  - src/codat_sync_for_commerce/models/shared/security.py
  - src/codat_sync_for_commerce/models/shared/sourcetype.py
  - src/codat_sync_for_commerce/models/shared/supportedfeature.py
  - src/codat_sync_for_commerce/models/shared/syncconnectiondeletedwebhook.py
  - src/codat_sync_for_commerce/models/shared/syncflowurl.py
  - src/codat_sync_for_commerce/models/shared/syncfrequency.py
  - src/codat_sync_for_commerce/models/shared/syncrange.py
  - src/codat_sync_for_commerce/models/shared/syncschedule.py
  - src/codat_sync_for_commerce/models/shared/syncstatus.py
  - src/codat_sync_for_commerce/models/shared/syncsummary.py
  - src/codat_sync_for_commerce/models/shared/synctolatestargs.py
  - src/codat_sync_for_commerce/models/shared/taxrateamount.py
  - src/codat_sync_for_commerce/models/shared/taxratemapping.py
  - src/codat_sync_for_commerce/models/shared/updateconnection.py
  - src/codat_sync_for_commerce/models/shared/visibleaccounts.py
  - src/codat_sync_for_commerce/py.typed
  - src/codat_sync_for_commerce/sdk.py
  - src/codat_sync_for_commerce/sdkconfiguration.py
  - src/codat_sync_for_commerce/sync.py
  - src/codat_sync_for_commerce/sync_flow_settings.py
  - src/codat_sync_for_commerce/types/__init__.py
  - src/codat_sync_for_commerce/types/basemodel.py
  - src/codat_sync_for_commerce/utils/__init__.py
  - src/codat_sync_for_commerce/utils/annotations.py
  - src/codat_sync_for_commerce/utils/enums.py
  - src/codat_sync_for_commerce/utils/eventstreaming.py
  - src/codat_sync_for_commerce/utils/forms.py
  - src/codat_sync_for_commerce/utils/headers.py
  - src/codat_sync_for_commerce/utils/logger.py
  - src/codat_sync_for_commerce/utils/metadata.py
  - src/codat_sync_for_commerce/utils/queryparams.py
  - src/codat_sync_for_commerce/utils/requestbodies.py
  - src/codat_sync_for_commerce/utils/retries.py
  - src/codat_sync_for_commerce/utils/security.py
  - src/codat_sync_for_commerce/utils/serializers.py
  - src/codat_sync_for_commerce/utils/url.py
  - src/codat_sync_for_commerce/utils/values.py
examples:
  get-config-text-sync-flow:
    "":
      parameters:
        query:
          locale: "en-us"
    Unauthorized:
      parameters:
        query:
          locale: "en-us"
      responses:
        "401":
          application/json: {"canBeRetried": "Unknown", "correlationId": "7eb40d6b415d7bcd99ce658268284056", "detailedErrorCode": 0, "error": "Unauthorized", "service": "PublicApi", "statusCode": 401}
  get-visible-accounts:
    Unauthorized:
      parameters:
        path:
          clientId: "86fe9741-738d-4f2c-8e96-9c3f84156e91"
          platformKey: "gbol"
      responses:
        "401":
          application/json: {"canBeRetried": "Unknown", "correlationId": "7eb40d6b415d7bcd99ce658268284056", "detailedErrorCode": 0, "error": "Unauthorized", "service": "PublicApi", "statusCode": 401}
  update-config-text-sync-flow:
    "":
      parameters:
        query:
          locale: "en-us"
      responses:
        "200":
          application/json: {}
        "400": {}
    Malformed query:
      parameters:
        query:
          locale: "en-us"
      responses:
        "400":
          application/json: {"canBeRetried": "Unknown", "correlationId": "bc997528a9d7abb9161ef45f05d38599", "detailedErrorCode": 0, "error": "Error processing request - not valid.", "service": "PublicApi", "statusCode": 400}
  update-visible-accounts-sync-flow:
    Malformed query:
      parameters:
        path:
          platformKey: "gbol"
      responses:
        "400":
          application/json: {"canBeRetried": "Unknown", "correlationId": "bc997528a9d7abb9161ef45f05d38599", "detailedErrorCode": 0, "error": "Error processing request - not valid.", "service": "PublicApi", "statusCode": 400}
  create-company:
    "":
      requestBody:
        application/json: {"description": "Requested early access to the new financing scheme.", "name": "string"}
      responses:
        "200":
          application/json: {"created": "2022-01-01T12:00:00.000Z", "createdByUserName": "string", "dataConnections": [{"created": "2022-10-27T09:53:29Z", "id": "ee2eb431-c0fa-4dc9-93fa-d29781c12bcd", "integrationId": "bf083d72-62c7-493e-aec9-81b4dbba7e2c", "integrationKey": "dfxm", "lastSync": "2022-10-27T10:22:43.6464237Z", "linkUrl": "https://link-api.codat.io/companies/86bd88cb-44ab-4dfb-b32f-87b19b14287f/connections/ee2eb431-c0fa-4dc9-93fa-d29781c12bcd/start", "platformName": "Basiq", "sourceId": "bdd831ce-eebd-4896-89a7-20e5ee8989ee", "sourceType": "Banking", "status": "Linked"}], "description": "Requested early access to the new financing scheme.", "id": "0498e921-9b53-4396-a412-4f2f5983b0a2", "lastSync": "2022-01-01T12:00:00.000Z", "name": "string", "redirect": "https://link.codat.io/company/27628208-459c-46a2-a705-5641ce25f739", "tags": {"region": "us", "uid": "f6b0c253-16c7-4da1-a0c5-9c871e9c9d6c"}}
        "400": {}
    Malformed query:
      requestBody:
        application/json: {"description": "Requested early access to the new financing scheme.", "name": "Bank of Dave"}
      responses:
        "400":
          application/json: {"canBeRetried": "Unknown", "correlationId": "bc997528a9d7abb9161ef45f05d38599", "detailedErrorCode": 0, "error": "Error processing request - not valid.", "service": "PublicApi", "statusCode": 400}
  get-configuration:
    Unauthorized:
      parameters:
        path:
          companyId: "8a210b68-6988-11ed-a1eb-0242ac120002"
      responses:
        "401":
          application/json: {"canBeRetried": "Unknown", "correlationId": "7eb40d6b415d7bcd99ce658268284056", "detailedErrorCode": 0, "error": "Unauthorized", "service": "PublicApi", "statusCode": 401}
  list-companies:
    "":
      parameters:
        query:
          page: 1
          pageSize: 100
          query: "id=e3334455-1aed-4e71-ab43-6bccf12092ee"
          orderBy: "-modifiedDate"
      responses:
        "200":
          application/json: {"_links": {"current": {"href": "/companies/{id}/data/{dataType}?page=1&pageSize=10"}, "self": {"href": "/companies/{id}/data/{dataType}"}}, "pageNumber": 1, "pageSize": 10, "results": [{"created": "2022-01-01T12:00:00.000Z", "createdByUserName": "string", "dataConnections": [{"created": "2022-10-27T09:53:29Z", "dataConnectionErrors": [], "id": "ee2eb431-c0fa-4dc9-93fa-d29781c12bcd", "integrationId": "bf083d72-62c7-493e-aec9-81b4dbba7e2c", "integrationKey": "dfxm", "lastSync": "2022-10-27T10:22:43.6464237Z", "linkUrl": "https://link-api.codat.io/companies/86bd88cb-44ab-4dfb-b32f-87b19b14287f/connections/ee2eb431-c0fa-4dc9-93fa-d29781c12bcd/start", "platformName": "Basiq", "sourceId": "bdd831ce-eebd-4896-89a7-20e5ee8989ee", "sourceType": "Banking", "status": "Linked"}], "description": "Requested early access to the new financing scheme.", "id": "0498e921-9b53-4396-a412-4f2f5983b0a2", "lastSync": "2022-01-01T12:00:00.000Z", "name": "string", "redirect": "https://link.codat.io/company/27628208-459c-46a2-a705-5641ce25f739"}], "totalResults": 1}
        "400": {}
    Malformed query:
      parameters:
        query:
          page: 1
          pageSize: 100
          query: "id=e3334455-1aed-4e71-ab43-6bccf12092ee"
          orderBy: "-modifiedDate"
      responses:
        "400":
          application/json: {"canBeRetried": "Unknown", "correlationId": "bc997528a9d7abb9161ef45f05d38599", "detailedErrorCode": 0, "error": "Error parsing query - Malformed query.", "service": "ClientsApi", "statusCode": 400}
    Unresolved property:
      parameters:
        query:
          page: 1
          pageSize: 100
          query: "id=e3334455-1aed-4e71-ab43-6bccf12092ee"
          orderBy: "-modifiedDate"
      responses:
        "400":
          application/json: {"canBeRetried": "Unknown", "correlationId": "98457fb9956b7f9b4b2fd4f6e23bb5c8", "detailedErrorCode": 0, "error": "Error parsing query - Could not resolve property isCompleted on Dataset", "service": "PullApi", "statusCode": 400}
  set-configuration:
    Malformed query:
      parameters:
        path:
          companyId: "8a210b68-6988-11ed-a1eb-0242ac120002"
      responses:
        "400":
          application/json: {"canBeRetried": "Unknown", "correlationId": "bc997528a9d7abb9161ef45f05d38599", "detailedErrorCode": 0, "error": "Error processing request - not valid.", "service": "PublicApi", "statusCode": 400}
  create-connection:
    Connection:
      parameters:
        path:
          companyId: "8a210b68-6988-11ed-a1eb-0242ac120002"
      requestBody:
        application/json: {"platformKey": "gbol"}
      responses:
        "200":
          application/json: {"created": "2022-10-27T09:53:29Z", "dataConnectionErrors": [], "id": "ee2eb431-c0fa-4dc9-93fa-d29781c12bcd", "integrationId": "bf083d72-62c7-493e-aec9-81b4dbba7e2c", "integrationKey": "dfxm", "lastSync": "2022-10-27T10:22:43.6464237Z", "linkUrl": "https://link-api.codat.io/companies/86bd88cb-44ab-4dfb-b32f-87b19b14287f/connections/ee2eb431-c0fa-4dc9-93fa-d29781c12bcd/start", "platformName": "Basiq", "sourceId": "bdd831ce-eebd-4896-89a7-20e5ee8989ee", "sourceType": "Banking", "status": "Linked"}
    Unauthorized:
      parameters:
        path:
          companyId: "8a210b68-6988-11ed-a1eb-0242ac120002"
      requestBody:
        application/json: {"platformKey": "gbol"}
      responses:
        "401":
          application/json: {"canBeRetried": "Unknown", "correlationId": "7eb40d6b415d7bcd99ce658268284056", "detailedErrorCode": 0, "error": "Unauthorized", "service": "PublicApi", "statusCode": 401}
  get-sync-flow-url:
    Malformed query:
      parameters:
        path:
          commerceKey: "<value>"
          accountingKey: "<value>"
        query: {}
      responses:
        "400":
          application/json: {"canBeRetried": "Unknown", "correlationId": "bc997528a9d7abb9161ef45f05d38599", "detailedErrorCode": 0, "error": "Error processing request - not valid.", "service": "PublicApi", "statusCode": 400}
  list-connections:
    "":
      parameters:
        path:
          companyId: "8a210b68-6988-11ed-a1eb-0242ac120002"
        query:
          page: 1
          pageSize: 100
          query: "id=e3334455-1aed-4e71-ab43-6bccf12092ee"
          orderBy: "-modifiedDate"
      responses:
        "200":
          application/json: {"_links": {"current": {"href": "/companies/{id}/data/{dataType}?page=1&pageSize=10"}, "self": {"href": "/companies/{id}/data/{dataType}"}}, "pageNumber": 1, "pageSize": 10, "results": [{"created": "2022-10-27T09:53:29Z", "dataConnectionErrors": [], "id": "ee2eb431-c0fa-4dc9-93fa-d29781c12bcd", "integrationId": "bf083d72-62c7-493e-aec9-81b4dbba7e2c", "integrationKey": "dfxm", "lastSync": "2022-10-27T10:22:43.6464237Z", "linkUrl": "https://link-api.codat.io/companies/86bd88cb-44ab-4dfb-b32f-87b19b14287f/connections/ee2eb431-c0fa-4dc9-93fa-d29781c12bcd/start", "platformName": "Basiq", "sourceId": "bdd831ce-eebd-4896-89a7-20e5ee8989ee", "sourceType": "Banking", "status": "Linked"}], "totalResults": 1}
        "400": {}
    Connections:
      parameters:
        path:
          companyId: "8a210b68-6988-11ed-a1eb-0242ac120002"
        query:
          page: 1
          pageSize: 100
          query: "id=e3334455-1aed-4e71-ab43-6bccf12092ee"
          orderBy: "-modifiedDate"
      responses:
        "200":
          application/json: {"_links": {"current": {"href": "string"}, "next": {"href": "string"}, "previous": {"href": "string"}, "self": {"href": "string"}}, "pageNumber": 0, "pageSize": 0, "results": [{"created": "2022-10-27T09:53:29Z", "id": "ee2eb431-c0fa-4dc9-93fa-d29781c12bcd", "integrationId": "bf083d72-62c7-493e-aec9-81b4dbba7e2c", "integrationKey": "dfxm", "lastSync": "2022-10-27T10:22:43.6464237Z", "linkUrl": "https://link-api.codat.io/companies/86bd88cb-44ab-4dfb-b32f-87b19b14287f/connections/ee2eb431-c0fa-4dc9-93fa-d29781c12bcd/start", "platformName": "Basiq", "sourceId": "bdd831ce-eebd-4896-89a7-20e5ee8989ee", "sourceType": "Banking", "status": "Linked"}], "totalResults": 0}
    Malformed query:
      parameters:
        path:
          companyId: "8a210b68-6988-11ed-a1eb-0242ac120002"
        query:
          page: 1
          pageSize: 100
          query: "id=e3334455-1aed-4e71-ab43-6bccf12092ee"
          orderBy: "-modifiedDate"
      responses:
        "400":
          application/json: {"canBeRetried": "Unknown", "correlationId": "bc997528a9d7abb9161ef45f05d38599", "detailedErrorCode": 0, "error": "Error parsing query - Malformed query.", "service": "ClientsApi", "statusCode": 400}
    Unresolved property:
      parameters:
        path:
          companyId: "8a210b68-6988-11ed-a1eb-0242ac120002"
        query:
          page: 1
          pageSize: 100
          query: "id=e3334455-1aed-4e71-ab43-6bccf12092ee"
          orderBy: "-modifiedDate"
      responses:
        "400":
          application/json: {"canBeRetried": "Unknown", "correlationId": "98457fb9956b7f9b4b2fd4f6e23bb5c8", "detailedErrorCode": 0, "error": "Error parsing query - Could not resolve property isCompleted on Dataset", "service": "PullApi", "statusCode": 400}
  update-connection-authorization:
    Unauthorized:
      parameters:
        path:
          companyId: "8a210b68-6988-11ed-a1eb-0242ac120002"
          connectionId: "2e9d2c44-f675-40ba-8049-353bfcb5e171"
      responses:
        "401":
          application/json: {"canBeRetried": "Unknown", "correlationId": "7eb40d6b415d7bcd99ce658268284056", "detailedErrorCode": 0, "error": "Unauthorized", "service": "PublicApi", "statusCode": 401}
  update-connection:
    Unauthorized:
      parameters:
        path:
          companyId: "8a210b68-6988-11ed-a1eb-0242ac120002"
          connectionId: "2e9d2c44-f675-40ba-8049-353bfcb5e171"
      responses:
        "401":
          application/json: {"canBeRetried": "Unknown", "correlationId": "7eb40d6b415d7bcd99ce658268284056", "detailedErrorCode": 0, "error": "Unauthorized", "service": "PublicApi", "statusCode": 401}
  get-sync-by-id:
    Unauthorized:
      parameters:
        path:
          companyId: "8a210b68-6988-11ed-a1eb-0242ac120002"
          syncId: "6fb40d5e-b13e-11ed-afa1-0242ac120002"
      responses:
        "401":
          application/json: {"canBeRetried": "Unknown", "correlationId": "7eb40d6b415d7bcd99ce658268284056", "detailedErrorCode": 0, "error": "Unauthorized", "service": "PublicApi", "statusCode": 401}
  get-last-successful-sync:
    Unauthorized:
      parameters:
        path:
          companyId: "8a210b68-6988-11ed-a1eb-0242ac120002"
      responses:
        "401":
          application/json: {"canBeRetried": "Unknown", "correlationId": "7eb40d6b415d7bcd99ce658268284056", "detailedErrorCode": 0, "error": "Unauthorized", "service": "PublicApi", "statusCode": 401}
  get-latest-sync:
    Unauthorized:
      parameters:
        path:
          companyId: "8a210b68-6988-11ed-a1eb-0242ac120002"
      responses:
        "401":
          application/json: {"canBeRetried": "Unknown", "correlationId": "7eb40d6b415d7bcd99ce658268284056", "detailedErrorCode": 0, "error": "Unauthorized", "service": "PublicApi", "statusCode": 401}
  get-sync-status:
    Unauthorized:
      parameters:
        path:
          companyId: "8a210b68-6988-11ed-a1eb-0242ac120002"
      responses:
        "401":
          application/json: {"canBeRetried": "Unknown", "correlationId": "7eb40d6b415d7bcd99ce658268284056", "detailedErrorCode": 0, "error": "Unauthorized", "service": "PublicApi", "statusCode": 401}
  list-syncs:
    Unauthorized:
      parameters:
        path:
          companyId: "8a210b68-6988-11ed-a1eb-0242ac120002"
      responses:
        "401":
          application/json: {"canBeRetried": "Unknown", "correlationId": "7eb40d6b415d7bcd99ce658268284056", "detailedErrorCode": 0, "error": "Unauthorized", "service": "PublicApi", "statusCode": 401}
  request-sync:
    Malformed query:
      parameters:
        path:
          companyId: "8a210b68-6988-11ed-a1eb-0242ac120002"
      requestBody:
        application/json: {"syncTo": "2022-10-23T00:00:00Z"}
      responses:
        "400":
          application/json: {"canBeRetried": "Unknown", "correlationId": "bc997528a9d7abb9161ef45f05d38599", "detailedErrorCode": 0, "error": "Error processing request - not valid.", "service": "PublicApi", "statusCode": 400}
  request-sync-for-date-range:
    Malformed query:
      parameters:
        path:
          companyId: "8a210b68-6988-11ed-a1eb-0242ac120002"
      requestBody:
        application/json: {"dateRange": {"finish": "2022-10-23T00:00:00Z", "start": "2022-10-23T00:00:00Z"}}
      responses:
        "400":
          application/json: {"canBeRetried": "Unknown", "correlationId": "bc997528a9d7abb9161ef45f05d38599", "detailedErrorCode": 0, "error": "Error processing request - not valid.", "service": "PublicApi", "statusCode": 400}
  get-integration-branding:
    Unauthorized:
      parameters:
        path:
          platformKey: "gbol"
      responses:
        "401":
          application/json: {"canBeRetried": "Unknown", "correlationId": "7eb40d6b415d7bcd99ce658268284056", "detailedErrorCode": 0, "error": "Unauthorized", "service": "PublicApi", "statusCode": 401}
  list-integrations:
    "":
      parameters:
        query:
          page: 1
          pageSize: 100
          query: "id=e3334455-1aed-4e71-ab43-6bccf12092ee"
          orderBy: "-modifiedDate"
      responses:
        "200":
          application/json: {"_links": {"current": {"href": "/companies/{id}/data/{dataType}?page=1&pageSize=10"}, "self": {"href": "/companies/{id}/data/{dataType}"}}, "pageNumber": 1, "pageSize": 10, "results": [{"dataProvidedBy": "string", "datatypeFeatures": [{"dataType": "invoices", "supportedFeatures": [{"featureState": "NotSupported", "featureType": "Get"}]}], "enabled": true, "integrationId": "497a18ca-284e-40c0-985d-f72be35d468e", "isBeta": true, "isOfflineConnector": true, "key": "gbol", "logoUrl": "http://example.com", "name": "Xero", "sourceId": "accounting", "sourceType": "Commerce"}], "totalResults": 1}
        "400": {}
    Malformed query:
      parameters:
        query:
          page: 1
          pageSize: 100
          query: "id=e3334455-1aed-4e71-ab43-6bccf12092ee"
          orderBy: "-modifiedDate"
      responses:
        "400":
          application/json: {"canBeRetried": "Unknown", "correlationId": "bc997528a9d7abb9161ef45f05d38599", "detailedErrorCode": 0, "error": "Error parsing query - Malformed query.", "service": "ClientsApi", "statusCode": 400}
    Unresolved property:
      parameters:
        query:
          page: 1
          pageSize: 100
          query: "id=e3334455-1aed-4e71-ab43-6bccf12092ee"
          orderBy: "-modifiedDate"
      responses:
        "400":
          application/json: {"canBeRetried": "Unknown", "correlationId": "98457fb9956b7f9b4b2fd4f6e23bb5c8", "detailedErrorCode": 0, "error": "Error parsing query - Could not resolve property isCompleted on Dataset", "service": "PullApi", "statusCode": 400}
generatedTests: {}
