lockVersion: 2.0.0
id: 75f7ac26-bce6-4db5-85a1-c67d938c4735
management:
  docChecksum: 681f585653736aeb9009765e989c7e73
  docVersion: 3.0.0
  speakeasyVersion: internal
  generationVersion: 2.257.2
  releaseVersion: 3.2.0
  configChecksum: 972e1dc61ff2bfa4ef179b5de8a4906b
  repoURL: https://github.com/codatio/client-sdk-python.git
  repoSubDirectory: sync-for-payables
  installationURL: https://github.com/codatio/client-sdk-python.git#subdirectory=sync-for-payables
  published: true
features:
  python:
    constsAndDefaults: 0.1.2
    core: 4.4.6
    deprecations: 2.81.1
    examples: 2.81.3
    globalSecurity: 2.83.2
    globalServerURLs: 2.82.1
    ignores: 2.81.1
    nameOverrides: 2.81.1
    retries: 2.82.1
generatedFiles:
  - src/codatsyncpayables/sdkconfiguration.py
  - src/codatsyncpayables/companies.py
  - src/codatsyncpayables/bills.py
  - src/codatsyncpayables/connections.py
  - src/codatsyncpayables/sdk.py
  - pylintrc
  - setup.py
  - src/codatsyncpayables/__init__.py
  - src/codatsyncpayables/utils/__init__.py
  - src/codatsyncpayables/utils/retries.py
  - src/codatsyncpayables/utils/utils.py
  - src/codatsyncpayables/models/errors/sdkerror.py
  - tests/helpers.py
  - src/codatsyncpayables/models/operations/create_company.py
  - src/codatsyncpayables/models/operations/delete_company.py
  - src/codatsyncpayables/models/operations/get_company.py
  - src/codatsyncpayables/models/operations/list_companies.py
  - src/codatsyncpayables/models/operations/update_company.py
  - src/codatsyncpayables/models/operations/list_bills.py
  - src/codatsyncpayables/models/operations/create_connection.py
  - src/codatsyncpayables/models/operations/delete_connection.py
  - src/codatsyncpayables/models/operations/get_connection.py
  - src/codatsyncpayables/models/operations/list_connections.py
  - src/codatsyncpayables/models/operations/unlink_connection.py
  - src/codatsyncpayables/models/shared/company.py
  - src/codatsyncpayables/models/shared/connection.py
  - src/codatsyncpayables/models/shared/dataconnectionstatus.py
  - src/codatsyncpayables/models/shared/dataconnectionerror.py
  - src/codatsyncpayables/models/shared/errorvalidation.py
  - src/codatsyncpayables/models/shared/errorvalidationitem.py
  - src/codatsyncpayables/models/shared/companyrequestbody.py
  - src/codatsyncpayables/models/shared/items.py
  - src/codatsyncpayables/models/shared/companies.py
  - src/codatsyncpayables/models/shared/links.py
  - src/codatsyncpayables/models/shared/halref.py
  - src/codatsyncpayables/models/shared/bills.py
  - src/codatsyncpayables/models/shared/bill.py
  - src/codatsyncpayables/models/shared/supplierref.py
  - src/codatsyncpayables/models/shared/billstatus.py
  - src/codatsyncpayables/models/shared/billlineitem.py
  - src/codatsyncpayables/models/shared/connections.py
  - src/codatsyncpayables/models/shared/security.py
  - src/codatsyncpayables/models/shared/clientratelimitreachedwebhook.py
  - src/codatsyncpayables/models/shared/clientratelimitreachedwebhookdata.py
  - src/codatsyncpayables/models/shared/clientratelimitresetwebhook.py
  - src/codatsyncpayables/models/shared/clientratelimitresetwebhookdata.py
  - src/codatsyncpayables/models/shared/billeventwebhook.py
  - src/codatsyncpayables/models/shared/billeventpayload.py
  - src/codatsyncpayables/models/errors/errormessage.py
  - src/codatsyncpayables/models/webhooks/client_rate_limit_reached.py
  - src/codatsyncpayables/models/webhooks/client_rate_limit_reset.py
  - src/codatsyncpayables/models/webhooks/payables_bill_created.py
  - src/codatsyncpayables/models/webhooks/payables_bill_deleted.py
  - src/codatsyncpayables/models/webhooks/payables_bill_updated.py
  - src/codatsyncpayables/models/__init__.py
  - src/codatsyncpayables/models/errors/__init__.py
  - src/codatsyncpayables/models/operations/__init__.py
  - src/codatsyncpayables/models/shared/__init__.py
  - src/codatsyncpayables/models/webhooks/__init__.py
  - docs/models/operations/createcompanyresponse.md
  - docs/models/operations/deletecompanyrequest.md
  - docs/models/operations/deletecompanyresponse.md
  - docs/models/operations/getcompanyrequest.md
  - docs/models/operations/getcompanyresponse.md
  - docs/models/operations/listcompaniesrequest.md
  - docs/models/operations/listcompaniesresponse.md
  - docs/models/operations/updatecompanyrequest.md
  - docs/models/operations/updatecompanyresponse.md
  - docs/models/operations/listbillsrequest.md
  - docs/models/operations/listbillsresponse.md
  - docs/models/operations/createconnectionrequestbody.md
  - docs/models/operations/createconnectionrequest.md
  - docs/models/operations/createconnectionresponse.md
  - docs/models/operations/deleteconnectionrequest.md
  - docs/models/operations/deleteconnectionresponse.md
  - docs/models/operations/getconnectionrequest.md
  - docs/models/operations/getconnectionresponse.md
  - docs/models/operations/listconnectionsrequest.md
  - docs/models/operations/listconnectionsresponse.md
  - docs/models/operations/unlinkconnectionupdateconnection.md
  - docs/models/operations/unlinkconnectionrequest.md
  - docs/models/operations/unlinkconnectionresponse.md
  - docs/models/shared/groupreference.md
  - docs/models/shared/company.md
  - docs/models/shared/sourcetype.md
  - docs/models/shared/connection.md
  - docs/models/shared/dataconnectionstatus.md
  - docs/models/shared/dataconnectionerror.md
  - docs/models/shared/errorvalidation.md
  - docs/models/shared/errorvalidationitem.md
  - docs/models/shared/companyrequestbody.md
  - docs/models/shared/items.md
  - docs/models/shared/companies.md
  - docs/models/shared/links.md
  - docs/models/shared/halref.md
  - docs/models/shared/bills.md
  - docs/models/shared/bill.md
  - docs/models/shared/supplierref.md
  - docs/models/shared/billstatus.md
  - docs/models/shared/accountreference.md
  - docs/models/shared/taxratereference.md
  - docs/models/shared/billlineitem.md
  - docs/models/shared/connections.md
  - docs/models/shared/security.md
  - docs/models/shared/clientratelimitreachedwebhook.md
  - docs/models/shared/clientratelimitreachedwebhookdata.md
  - docs/models/shared/clientratelimitresetwebhook.md
  - docs/models/shared/clientratelimitresetwebhookdata.md
  - docs/models/shared/billeventwebhook.md
  - docs/models/shared/billeventpayload.md
  - docs/models/errors/errormessage.md
  - docs/models/webhooks/clientratelimitreachedresponse.md
  - docs/models/webhooks/clientratelimitresetresponse.md
  - docs/models/webhooks/payablesbillcreatedresponse.md
  - docs/models/webhooks/payablesbilldeletedresponse.md
  - docs/models/webhooks/payablesbillupdatedresponse.md
  - docs/sdks/codatsyncpayables/README.md
  - docs/models/utils/retryconfig.md
  - docs/sdks/companies/README.md
  - docs/sdks/bills/README.md
  - docs/sdks/connections/README.md
  - USAGE.md
  - .gitattributes
