speakeasyVersion: 1.431.0
sources:
    accounting-source:
        sourceNamespace: accounting-source
        sourceRevisionDigest: sha256:69321f987c271eb886b1235bf55c2eb13b9f2994d6038d7625094c3c6e276d44
        sourceBlobDigest: sha256:1196b9f04ffba9bfc30292d059e6e63e93b26fe3f8ca92cab6d58df8de86c4ca
        tags:
            - latest
            - main
    assess-source:
        sourceNamespace: assess-source
        sourceRevisionDigest: sha256:fc689a909f3360047c372a7fa75818d0909de3c521b92f4c30037918524de981
        sourceBlobDigest: sha256:93a5943e66c0bec898e50532b545a9e2694aa004d1e763c9fadc7424a311c2ed
        tags:
            - latest
            - main
    bank-feeds-source:
        sourceNamespace: bank-feeds-source
        sourceRevisionDigest: sha256:2bf52af4a0753c29a508bf534075c9fc6bbd4ba070605d3c7d4e092a9f3733cf
        sourceBlobDigest: sha256:24d837ec7ccccb55559e6de16951a64c09874b48e5ca92b7af36ea0b95b0eac2
        tags:
            - latest
            - main
    banking-source:
        sourceNamespace: banking-source
        sourceRevisionDigest: sha256:b2683698c6afe88bf4ca96bb8a6d598c19410794ef4f6bc027c755fb59e1434f
        sourceBlobDigest: sha256:78c7d7c24581662bec85176d517f23c35ad9b6e569b1c23ac199b9b50a96063a
        tags:
            - latest
            - main
    commerce-source:
        sourceNamespace: commerce-source
        sourceRevisionDigest: sha256:1e223325fbfece04139fc0c8f9520c5a4a3d0d895614836fd2e12d65182c2471
        sourceBlobDigest: sha256:6f1199c3d0384446a3a88e1c9a018ec6487a1cb391d46f4f4bbf4b7fce00a339
        tags:
            - latest
            - main
    common-source:
        sourceNamespace: common-source
        sourceRevisionDigest: sha256:0bf371cdd8c79c641e4d66c66abf2102492e521956f50a9d0ff2090a5da44822
        sourceBlobDigest: sha256:e1e3f4c3ed16022322bc656bb0e4ef28c04fff8c92c271cc859c6e2b32af5613
        tags:
            - latest
            - main
    files-source:
        sourceNamespace: files-source
        sourceRevisionDigest: sha256:b1abb994c69cf896fcb103548d80466e9e1c94f911aeb14174ce36b77de24670
        sourceBlobDigest: sha256:95e088645c8a70b6c0d755c6f12a0a24b74eda70dcebccc7a0c2f70fec219d81
        tags:
            - latest
            - main
    lending-source:
        sourceNamespace: lending-source
        sourceRevisionDigest: sha256:db9283292e52e0b11e1dc217a45a967819382b72943f82f071818621ef7b643b
        sourceBlobDigest: sha256:4525ee073b57729cfcb4c57cd3715fd634d44b091eb42b011966d87654980fc2
        tags:
            - latest
            - main
    sync-for-commerce-source:
        sourceNamespace: sync-for-commerce-source
        sourceRevisionDigest: sha256:6a62a3d9d65254b83a8e6afa5ea2e9d287076520c057bf8a1b60e42ebbdc815e
        sourceBlobDigest: sha256:2e0d6f59d01a5896709430e1e05d725b88ca088e959502f216a39b23ccab77ec
        tags:
            - latest
            - main
    sync-for-payables-source:
        sourceNamespace: sync-for-payables-source
        sourceRevisionDigest: sha256:9b7390685375f6bb8f444cfdaef0cf211fe30a63abac80c98d441203bd76d654
        sourceBlobDigest: sha256:f472244dc98845d90f55da060a2cc4acee05c771a89a0ff55bc5db04108e5693
        tags:
            - latest
            - main
    sync-for-payables-version-1-source:
        sourceNamespace: sync-for-payables-version-1-source
        sourceRevisionDigest: sha256:ab9717c986622b855c68e2ef2fb6e08f3a7ae563776e008d8bd9ab73ebe19508
        sourceBlobDigest: sha256:b5315c8afa06d894adc545f61272bd3e52b92d379f9b4d5928c6393c3e21dfa1
        tags:
            - latest
            - main
targets:
    accounting-library:
        source: accounting-source
        sourceNamespace: accounting-source
        sourceRevisionDigest: sha256:69321f987c271eb886b1235bf55c2eb13b9f2994d6038d7625094c3c6e276d44
        sourceBlobDigest: sha256:1196b9f04ffba9bfc30292d059e6e63e93b26fe3f8ca92cab6d58df8de86c4ca
    assess-library:
        source: assess-source
        sourceNamespace: assess-source
        sourceRevisionDigest: sha256:fc689a909f3360047c372a7fa75818d0909de3c521b92f4c30037918524de981
        sourceBlobDigest: sha256:93a5943e66c0bec898e50532b545a9e2694aa004d1e763c9fadc7424a311c2ed
    bank-feeds-library:
        source: bank-feeds-source
        sourceNamespace: bank-feeds-source
        sourceRevisionDigest: sha256:2bf52af4a0753c29a508bf534075c9fc6bbd4ba070605d3c7d4e092a9f3733cf
        sourceBlobDigest: sha256:24d837ec7ccccb55559e6de16951a64c09874b48e5ca92b7af36ea0b95b0eac2
    banking-library:
        source: banking-source
        sourceNamespace: banking-source
        sourceRevisionDigest: sha256:b2683698c6afe88bf4ca96bb8a6d598c19410794ef4f6bc027c755fb59e1434f
        sourceBlobDigest: sha256:78c7d7c24581662bec85176d517f23c35ad9b6e569b1c23ac199b9b50a96063a
    commerce-library:
        source: commerce-source
        sourceNamespace: commerce-source
        sourceRevisionDigest: sha256:1e223325fbfece04139fc0c8f9520c5a4a3d0d895614836fd2e12d65182c2471
        sourceBlobDigest: sha256:6f1199c3d0384446a3a88e1c9a018ec6487a1cb391d46f4f4bbf4b7fce00a339
    common-library:
        source: common-source
        sourceNamespace: common-source
        sourceRevisionDigest: sha256:0bf371cdd8c79c641e4d66c66abf2102492e521956f50a9d0ff2090a5da44822
        sourceBlobDigest: sha256:e1e3f4c3ed16022322bc656bb0e4ef28c04fff8c92c271cc859c6e2b32af5613
    files-library:
        source: files-source
        sourceNamespace: files-source
        sourceRevisionDigest: sha256:b1abb994c69cf896fcb103548d80466e9e1c94f911aeb14174ce36b77de24670
        sourceBlobDigest: sha256:95e088645c8a70b6c0d755c6f12a0a24b74eda70dcebccc7a0c2f70fec219d81
    lending-library:
        source: lending-source
        sourceNamespace: lending-source
        sourceRevisionDigest: sha256:db9283292e52e0b11e1dc217a45a967819382b72943f82f071818621ef7b643b
        sourceBlobDigest: sha256:4525ee073b57729cfcb4c57cd3715fd634d44b091eb42b011966d87654980fc2
    sync-for-commerce-library:
        source: sync-for-commerce-source
        sourceNamespace: sync-for-commerce-source
        sourceRevisionDigest: sha256:6a62a3d9d65254b83a8e6afa5ea2e9d287076520c057bf8a1b60e42ebbdc815e
        sourceBlobDigest: sha256:2e0d6f59d01a5896709430e1e05d725b88ca088e959502f216a39b23ccab77ec
    sync-for-payables-library:
        source: sync-for-payables-source
        sourceNamespace: sync-for-payables-source
        sourceRevisionDigest: sha256:9b7390685375f6bb8f444cfdaef0cf211fe30a63abac80c98d441203bd76d654
        sourceBlobDigest: sha256:f472244dc98845d90f55da060a2cc4acee05c771a89a0ff55bc5db04108e5693
    sync-for-payables-version-1-library:
        source: sync-for-payables-version-1-source
        sourceNamespace: sync-for-payables-version-1-source
        sourceRevisionDigest: sha256:ab9717c986622b855c68e2ef2fb6e08f3a7ae563776e008d8bd9ab73ebe19508
        sourceBlobDigest: sha256:b5315c8afa06d894adc545f61272bd3e52b92d379f9b4d5928c6393c3e21dfa1
workflow:
    workflowVersion: 1.0.0
    speakeasyVersion: latest
    sources:
        accounting-source:
            inputs:
                - location: https://raw.githubusercontent.com/codatio/oas/main/yaml/Codat-Accounting.yaml
            registry:
                location: registry.speakeasyapi.dev/codat/codat/accounting-source
        assess-source:
            inputs:
                - location: https://raw.githubusercontent.com/codatio/oas/main/yaml/Codat-Assess.yaml
            registry:
                location: registry.speakeasyapi.dev/codat/codat/assess-source
        bank-feeds-source:
            inputs:
                - location: https://raw.githubusercontent.com/codatio/oas/main/yaml/Codat-Bank-Feeds.yaml
            registry:
                location: registry.speakeasyapi.dev/codat/codat/bank-feeds-source
        banking-source:
            inputs:
                - location: https://raw.githubusercontent.com/codatio/oas/main/yaml/Codat-Banking.yaml
            registry:
                location: registry.speakeasyapi.dev/codat/codat/banking-source
        commerce-source:
            inputs:
                - location: https://raw.githubusercontent.com/codatio/oas/main/yaml/Codat-Commerce.yaml
            registry:
                location: registry.speakeasyapi.dev/codat/codat/commerce-source
        common-source:
            inputs:
                - location: https://raw.githubusercontent.com/codatio/oas/main/yaml/Codat-Platform.yaml
            registry:
                location: registry.speakeasyapi.dev/codat/codat/common-source
        files-source:
            inputs:
                - location: https://raw.githubusercontent.com/codatio/oas/main/yaml/Codat-Files.yaml
            registry:
                location: registry.speakeasyapi.dev/codat/codat/files-source
        lending-source:
            inputs:
                - location: https://raw.githubusercontent.com/codatio/oas/main/yaml/Codat-Lending.yaml
            registry:
                location: registry.speakeasyapi.dev/codat/codat/lending-source
        platform-source:
            inputs:
                - location: https://raw.githubusercontent.com/codatio/oas/main/yaml/Codat-Platform.yaml
            registry:
                location: registry.speakeasyapi.dev/codat/codat/platform-source
        sync-for-commerce-source:
            inputs:
                - location: https://raw.githubusercontent.com/codatio/oas/main/yaml/Codat-Sync-Commerce.yaml
            registry:
                location: registry.speakeasyapi.dev/codat/codat/sync-for-commerce-source
        sync-for-commerce-version-1-source:
            inputs:
                - location: https://raw.githubusercontent.com/codatio/oas/main/yaml/Codat-Sync-Commerce-v1.yaml
        sync-for-expenses-source:
            inputs:
                - location: https://raw.githubusercontent.com/codatio/oas/main/yaml/Codat-Sync-Expenses.yaml
            registry:
                location: registry.speakeasyapi.dev/codat/codat/sync-for-expenses-source
        sync-for-expenses-version-1-source:
            inputs:
                - location: https://raw.githubusercontent.com/codatio/oas/main/yaml/Codat-Sync-Expenses-v1.yaml
        sync-for-payables-source:
            inputs:
                - location: https://raw.githubusercontent.com/codatio/oas/main/yaml/Codat-Sync-Payables.yaml
            registry:
                location: registry.speakeasyapi.dev/codat/codat/sync-for-payables-source
        sync-for-payables-version-1-source:
            inputs:
                - location: https://raw.githubusercontent.com/codatio/oas/main/yaml/Codat-Sync-Payables-v1.yaml
            registry:
                location: registry.speakeasyapi.dev/codat/codat/sync-for-payables-version-1-source
        sync-for-payroll-source:
            inputs:
                - location: https://raw.githubusercontent.com/codatio/oas/main/yaml/Codat-Sync-Payroll.yaml
            registry:
                location: registry.speakeasyapi.dev/codat/codat/sync-for-payroll-source
    targets:
        accounting-library:
            target: python
            source: accounting-source
            output: previous-versions/accounting
            publish:
                pypi:
                    token: $pypi_token
            codeSamples:
                registry:
                    location: registry.speakeasyapi.dev/codat/codat/accounting-source-code-samples
                blocking: false
        assess-library:
            target: python
            source: assess-source
            output: previous-versions/assess
            publish:
                pypi:
                    token: $pypi_token
            codeSamples:
                registry:
                    location: registry.speakeasyapi.dev/codat/codat/assess-source-code-samples
                blocking: false
        bank-feeds-library:
            target: python
            source: bank-feeds-source
            output: bank-feeds
            publish:
                pypi:
                    token: $pypi_token
            codeSamples:
                registry:
                    location: registry.speakeasyapi.dev/codat/codat/bank-feeds-source-code-samples
                blocking: false
        banking-library:
            target: python
            source: banking-source
            output: previous-versions/banking
            publish:
                pypi:
                    token: $pypi_token
            codeSamples:
                registry:
                    location: registry.speakeasyapi.dev/codat/codat/banking-source-code-samples
                blocking: false
        commerce-library:
            target: python
            source: commerce-source
            output: previous-versions/commerce
            publish:
                pypi:
                    token: $pypi_token
            codeSamples:
                registry:
                    location: registry.speakeasyapi.dev/codat/codat/commerce-source-code-samples
                blocking: false
        common-library:
            target: python
            source: common-source
            output: previous-versions/common
            publish:
                pypi:
                    token: $pypi_token
            codeSamples:
                registry:
                    location: registry.speakeasyapi.dev/codat/codat/common-source-code-samples
                blocking: false
        files-library:
            target: python
            source: files-source
            output: previous-versions/files
            publish:
                pypi:
                    token: $pypi_token
            codeSamples:
                registry:
                    location: registry.speakeasyapi.dev/codat/codat/files-source-code-samples
                blocking: false
        lending-library:
            target: python
            source: lending-source
            output: lending
            publish:
                pypi:
                    token: $pypi_token
            codeSamples:
                registry:
                    location: registry.speakeasyapi.dev/codat/codat/lending-source-code-samples
                blocking: false
        platform-library:
            target: python
            source: platform-source
            output: platform
            publish:
                pypi:
                    token: $pypi_token
            codeSamples:
                registry:
                    location: registry.speakeasyapi.dev/codat/codat/platform-source-code-samples
                blocking: false
        sync-for-commerce-library:
            target: python
            source: sync-for-commerce-source
            output: sync-for-commerce
            publish:
                pypi:
                    token: $pypi_token
            codeSamples:
                registry:
                    location: registry.speakeasyapi.dev/codat/codat/sync-for-commerce-source-code-samples
                blocking: false
        sync-for-commerce-version-1-library:
            target: python
            source: sync-for-commerce-version-1-source
            output: previous-versions/sync-for-commerce-version-1
            publish:
                pypi:
                    token: $pypi_token
        sync-for-expenses-library:
            target: python
            source: sync-for-expenses-source
            output: sync-for-expenses
            publish:
                pypi:
                    token: $pypi_token
            codeSamples:
                registry:
                    location: registry.speakeasyapi.dev/codat/codat/sync-for-expenses-source-code-samples
                blocking: false
        sync-for-expenses-version-1-library:
            target: python
            source: sync-for-expenses-version-1-source
            output: previous-versions/sync-for-expenses-version-1
            publish:
                pypi:
                    token: $pypi_token
        sync-for-payables-library:
            target: python
            source: sync-for-payables-source
            output: sync-for-payables
            publish:
                pypi:
                    token: $pypi_token
            codeSamples:
                registry:
                    location: registry.speakeasyapi.dev/codat/codat/sync-for-payables-source-code-samples
                blocking: false
        sync-for-payables-version-1-library:
            target: python
            source: sync-for-payables-version-1-source
            output: previous-versions/sync-for-payables-version-1
            publish:
                pypi:
                    token: $pypi_token
            codeSamples:
                registry:
                    location: registry.speakeasyapi.dev/codat/codat/sync-for-payables-version-1-source-code-samples
                blocking: false
        sync-for-payroll-library:
            target: python
            source: sync-for-payroll-source
            output: sync-for-payroll
            publish:
                pypi:
                    token: $pypi_token
            codeSamples:
                registry:
                    location: registry.speakeasyapi.dev/codat/codat/sync-for-payroll-source-code-samples
                blocking: false
