speakeasyVersion: 1.761.9
sources:
    accounting-source:
        sourceNamespace: accounting-source
        sourceRevisionDigest: sha256:69321f987c271eb886b1235bf55c2eb13b9f2994d6038d7625094c3c6e276d44
        sourceBlobDigest: sha256:1196b9f04ffba9bfc30292d059e6e63e93b26fe3f8ca92cab6d58df8de86c4ca
        tags:
            - latest
            - main
    assess-source:
        sourceNamespace: assess-source
        sourceRevisionDigest: sha256:fc689a909f3360047c372a7fa75818d0909de3c521b92f4c30037918524de981
        sourceBlobDigest: sha256:93a5943e66c0bec898e50532b545a9e2694aa004d1e763c9fadc7424a311c2ed
        tags:
            - latest
            - main
    bank-feeds-source:
        sourceNamespace: bank-feeds-source
        sourceRevisionDigest: sha256:169b50aca543aab236e24029ee5037bb8230d7f9149b9705da680973a86e62d0
        sourceBlobDigest: sha256:d15376235a83cfd95449e02f7a2fcffac242798aa337954333c4a81174231e3f
        tags:
            - latest
            - 3.0.0
    banking-source:
        sourceNamespace: banking-source
        sourceRevisionDigest: sha256:b2683698c6afe88bf4ca96bb8a6d598c19410794ef4f6bc027c755fb59e1434f
        sourceBlobDigest: sha256:78c7d7c24581662bec85176d517f23c35ad9b6e569b1c23ac199b9b50a96063a
        tags:
            - latest
            - main
    commerce-source:
        sourceNamespace: commerce-source
        sourceRevisionDigest: sha256:1e223325fbfece04139fc0c8f9520c5a4a3d0d895614836fd2e12d65182c2471
        sourceBlobDigest: sha256:6f1199c3d0384446a3a88e1c9a018ec6487a1cb391d46f4f4bbf4b7fce00a339
        tags:
            - latest
            - main
    common-source:
        sourceNamespace: common-source
        sourceRevisionDigest: sha256:0bf371cdd8c79c641e4d66c66abf2102492e521956f50a9d0ff2090a5da44822
        sourceBlobDigest: sha256:e1e3f4c3ed16022322bc656bb0e4ef28c04fff8c92c271cc859c6e2b32af5613
        tags:
            - latest
            - main
    files-source:
        sourceNamespace: files-source
        sourceRevisionDigest: sha256:b1abb994c69cf896fcb103548d80466e9e1c94f911aeb14174ce36b77de24670
        sourceBlobDigest: sha256:95e088645c8a70b6c0d755c6f12a0a24b74eda70dcebccc7a0c2f70fec219d81
        tags:
            - latest
            - main
    lending-source:
        sourceNamespace: lending-source
        sourceRevisionDigest: sha256:0a00d892955d2cc912bd47adf1de8b2a84bd3485a3359565572f79ef5e7b2c5b
        sourceBlobDigest: sha256:152325157f20a95fe6446fc06c82dd9669c1d0f3083208ff5086f78f823c8b78
        tags:
            - latest
            - 3.0.0
    platform-source:
        sourceNamespace: platform-source
        sourceRevisionDigest: sha256:e176a344718f8e9b036c29d8cc197e5e384ee61b1fdc4894ca4e4b8ddaf643c1
        sourceBlobDigest: sha256:dbc37e7b61a982a8097e6bfaaba3b147d363cc0bd352179022b2db432b7e5c15
        tags:
            - latest
            - 3.0.0
    sync-for-commerce-source:
        sourceNamespace: sync-for-commerce-source
        sourceRevisionDigest: sha256:119a243cc27781b143b0d8ea42a041cfc1bbf16bf6c45001a12d700a6e1cb40f
        sourceBlobDigest: sha256:61c9eb51c53318764e70fbc30d9960e3f776aa6f9de0b1612e41694baf3fbb7f
        tags:
            - latest
            - speakeasy-sdk-regen-1740153196
            - "1.1"
    sync-for-expenses-source:
        sourceNamespace: sync-for-expenses-source
        sourceRevisionDigest: sha256:11af6475e2c0576d71adee597a3315d14622ac764c9627301b129c2701d72041
        sourceBlobDigest: sha256:34aa4d8a3385871bfb861e1ac69865cc6dbd2d2f776983533959baedd2a3da0e
        tags:
            - latest
            - prealpha
    sync-for-payables-source:
        sourceNamespace: sync-for-payables-source
        sourceRevisionDigest: sha256:f8f51f03b09f4db12dcb5b5f8dd785e924b34acf95c2963148d6332a539e20ee
        sourceBlobDigest: sha256:7a4b9e31f75380f0764d515e7533741e4f7b0da48e595c9f0fcac4506d869725
        tags:
            - latest
            - 3.0.0
    sync-for-payables-version-1-source:
        sourceNamespace: sync-for-payables-version-1-source
        sourceRevisionDigest: sha256:ab9717c986622b855c68e2ef2fb6e08f3a7ae563776e008d8bd9ab73ebe19508
        sourceBlobDigest: sha256:b5315c8afa06d894adc545f61272bd3e52b92d379f9b4d5928c6393c3e21dfa1
        tags:
            - latest
            - main
targets:
    accounting-library:
        source: accounting-source
        sourceNamespace: accounting-source
        sourceRevisionDigest: sha256:69321f987c271eb886b1235bf55c2eb13b9f2994d6038d7625094c3c6e276d44
        sourceBlobDigest: sha256:1196b9f04ffba9bfc30292d059e6e63e93b26fe3f8ca92cab6d58df8de86c4ca
    assess-library:
        source: assess-source
        sourceNamespace: assess-source
        sourceRevisionDigest: sha256:fc689a909f3360047c372a7fa75818d0909de3c521b92f4c30037918524de981
        sourceBlobDigest: sha256:93a5943e66c0bec898e50532b545a9e2694aa004d1e763c9fadc7424a311c2ed
    bank-feeds-library:
        source: bank-feeds-source
        sourceNamespace: bank-feeds-source
        sourceRevisionDigest: sha256:169b50aca543aab236e24029ee5037bb8230d7f9149b9705da680973a86e62d0
        sourceBlobDigest: sha256:d15376235a83cfd95449e02f7a2fcffac242798aa337954333c4a81174231e3f
        codeSamplesNamespace: bank-feeds-source-python-code-samples
        codeSamplesRevisionDigest: sha256:fd3f6921ecda6f9af41cdc1bca2b8cf337636273f59e959117b0fc28e30b593b
    banking-library:
        source: banking-source
        sourceNamespace: banking-source
        sourceRevisionDigest: sha256:b2683698c6afe88bf4ca96bb8a6d598c19410794ef4f6bc027c755fb59e1434f
        sourceBlobDigest: sha256:78c7d7c24581662bec85176d517f23c35ad9b6e569b1c23ac199b9b50a96063a
    commerce-library:
        source: commerce-source
        sourceNamespace: commerce-source
        sourceRevisionDigest: sha256:1e223325fbfece04139fc0c8f9520c5a4a3d0d895614836fd2e12d65182c2471
        sourceBlobDigest: sha256:6f1199c3d0384446a3a88e1c9a018ec6487a1cb391d46f4f4bbf4b7fce00a339
    common-library:
        source: common-source
        sourceNamespace: common-source
        sourceRevisionDigest: sha256:0bf371cdd8c79c641e4d66c66abf2102492e521956f50a9d0ff2090a5da44822
        sourceBlobDigest: sha256:e1e3f4c3ed16022322bc656bb0e4ef28c04fff8c92c271cc859c6e2b32af5613
    files-library:
        source: files-source
        sourceNamespace: files-source
        sourceRevisionDigest: sha256:b1abb994c69cf896fcb103548d80466e9e1c94f911aeb14174ce36b77de24670
        sourceBlobDigest: sha256:95e088645c8a70b6c0d755c6f12a0a24b74eda70dcebccc7a0c2f70fec219d81
    lending-library:
        source: lending-source
        sourceNamespace: lending-source
        sourceRevisionDigest: sha256:0a00d892955d2cc912bd47adf1de8b2a84bd3485a3359565572f79ef5e7b2c5b
        sourceBlobDigest: sha256:152325157f20a95fe6446fc06c82dd9669c1d0f3083208ff5086f78f823c8b78
        codeSamplesNamespace: lending-source-python-code-samples
        codeSamplesRevisionDigest: sha256:1ed4bbe15ebc1adb20488e2f8db2fa07239a18b08081df9f59ecd807350a0759
    platform-library:
        source: platform-source
        sourceNamespace: platform-source
        sourceRevisionDigest: sha256:e176a344718f8e9b036c29d8cc197e5e384ee61b1fdc4894ca4e4b8ddaf643c1
        sourceBlobDigest: sha256:dbc37e7b61a982a8097e6bfaaba3b147d363cc0bd352179022b2db432b7e5c15
        codeSamplesNamespace: platform-source-python-code-samples
        codeSamplesRevisionDigest: sha256:9cc6f65d7cf9c129b1885a86fb2e1a5ac2758ed3ef4f20e3a377cd74933fb92c
    sync-for-commerce-library:
        source: sync-for-commerce-source
        sourceNamespace: sync-for-commerce-source
        sourceRevisionDigest: sha256:119a243cc27781b143b0d8ea42a041cfc1bbf16bf6c45001a12d700a6e1cb40f
        sourceBlobDigest: sha256:61c9eb51c53318764e70fbc30d9960e3f776aa6f9de0b1612e41694baf3fbb7f
        codeSamplesNamespace: sync-for-commerce-source-python-code-samples
        codeSamplesRevisionDigest: sha256:8cc7bb729390dbebc17e46381ce1c574cb34eae2d3d02a4fc1a6c6c0a7f312bc
    sync-for-expenses-library:
        source: sync-for-expenses-source
        sourceNamespace: sync-for-expenses-source
        sourceRevisionDigest: sha256:11af6475e2c0576d71adee597a3315d14622ac764c9627301b129c2701d72041
        sourceBlobDigest: sha256:34aa4d8a3385871bfb861e1ac69865cc6dbd2d2f776983533959baedd2a3da0e
        codeSamplesNamespace: sync-for-expenses-source-python-code-samples
        codeSamplesRevisionDigest: sha256:141e93bf0e80c81b7d6e8217483f61a7e04c8c460545ca5b84897def8e172749
    sync-for-payables-library:
        source: sync-for-payables-source
        sourceNamespace: sync-for-payables-source
        sourceRevisionDigest: sha256:f8f51f03b09f4db12dcb5b5f8dd785e924b34acf95c2963148d6332a539e20ee
        sourceBlobDigest: sha256:7a4b9e31f75380f0764d515e7533741e4f7b0da48e595c9f0fcac4506d869725
        codeSamplesNamespace: sync-for-payables-source-python-code-samples
        codeSamplesRevisionDigest: sha256:0e61ccb4d3aa11b47be595845482ae89ad839017249fee236bd704ac81d166e7
    sync-for-payables-version-1-library:
        source: sync-for-payables-version-1-source
        sourceNamespace: sync-for-payables-version-1-source
        sourceRevisionDigest: sha256:ab9717c986622b855c68e2ef2fb6e08f3a7ae563776e008d8bd9ab73ebe19508
        sourceBlobDigest: sha256:b5315c8afa06d894adc545f61272bd3e52b92d379f9b4d5928c6393c3e21dfa1
workflow:
    workflowVersion: 1.0.0
    speakeasyVersion: latest
    sources:
        accounting-source:
            inputs:
                - location: https://raw.githubusercontent.com/codatio/oas/main/yaml/Codat-Accounting.yaml
            registry:
                location: registry.speakeasyapi.dev/codat/codat/accounting-source
        assess-source:
            inputs:
                - location: https://raw.githubusercontent.com/codatio/oas/main/yaml/Codat-Assess.yaml
            registry:
                location: registry.speakeasyapi.dev/codat/codat/assess-source
        bank-feeds-source:
            inputs:
                - location: https://raw.githubusercontent.com/codatio/oas/main/yaml/Codat-Bank-Feeds.yaml
            registry:
                location: registry.speakeasyapi.dev/codat/codat/bank-feeds-source
        banking-source:
            inputs:
                - location: https://raw.githubusercontent.com/codatio/oas/main/yaml/Codat-Banking.yaml
            registry:
                location: registry.speakeasyapi.dev/codat/codat/banking-source
        commerce-source:
            inputs:
                - location: https://raw.githubusercontent.com/codatio/oas/main/yaml/Codat-Commerce.yaml
            registry:
                location: registry.speakeasyapi.dev/codat/codat/commerce-source
        common-source:
            inputs:
                - location: https://raw.githubusercontent.com/codatio/oas/main/yaml/Codat-Platform.yaml
            registry:
                location: registry.speakeasyapi.dev/codat/codat/common-source
        files-source:
            inputs:
                - location: https://raw.githubusercontent.com/codatio/oas/main/yaml/Codat-Files.yaml
            registry:
                location: registry.speakeasyapi.dev/codat/codat/files-source
        lending-source:
            inputs:
                - location: https://raw.githubusercontent.com/codatio/oas/main/yaml/Codat-Lending.yaml
            registry:
                location: registry.speakeasyapi.dev/codat/codat/lending-source
        platform-source:
            inputs:
                - location: https://raw.githubusercontent.com/codatio/oas/main/yaml/Codat-Platform.yaml
            registry:
                location: registry.speakeasyapi.dev/codat/codat/platform-source
        sync-for-commerce-source:
            inputs:
                - location: https://raw.githubusercontent.com/codatio/oas/main/yaml/Codat-Sync-Commerce.yaml
            registry:
                location: registry.speakeasyapi.dev/codat/codat/sync-for-commerce-source
        sync-for-commerce-version-1-source:
            inputs:
                - location: https://raw.githubusercontent.com/codatio/oas/main/yaml/Codat-Sync-Commerce-v1.yaml
        sync-for-expenses-source:
            inputs:
                - location: https://raw.githubusercontent.com/codatio/oas/main/yaml/Codat-Sync-Expenses.yaml
            registry:
                location: registry.speakeasyapi.dev/codat/codat/sync-for-expenses-source
        sync-for-expenses-version-1-source:
            inputs:
                - location: https://raw.githubusercontent.com/codatio/oas/main/yaml/Codat-Sync-Expenses-v1.yaml
        sync-for-payables-source:
            inputs:
                - location: https://raw.githubusercontent.com/codatio/oas/main/yaml/Codat-Sync-Payables.yaml
            registry:
                location: registry.speakeasyapi.dev/codat/codat/sync-for-payables-source
        sync-for-payables-version-1-source:
            inputs:
                - location: https://raw.githubusercontent.com/codatio/oas/main/yaml/Codat-Sync-Payables-v1.yaml
            registry:
                location: registry.speakeasyapi.dev/codat/codat/sync-for-payables-version-1-source
        sync-for-payroll-source:
            inputs:
                - location: https://raw.githubusercontent.com/codatio/oas/main/yaml/Codat-Sync-Payroll.yaml
            registry:
                location: registry.speakeasyapi.dev/codat/codat/sync-for-payroll-source
    targets:
        accounting-library:
            target: python
            source: accounting-source
            output: previous-versions/accounting
            publish:
                pypi:
                    token: $pypi_token
            codeSamples:
                registry:
                    location: registry.speakeasyapi.dev/codat/codat/accounting-source-python-code-samples
                blocking: false
        assess-library:
            target: python
            source: assess-source
            output: previous-versions/assess
            publish:
                pypi:
                    token: $pypi_token
            codeSamples:
                registry:
                    location: registry.speakeasyapi.dev/codat/codat/assess-source-python-code-samples
                blocking: false
        bank-feeds-library:
            target: python
            source: bank-feeds-source
            output: bank-feeds
            publish:
                pypi:
                    token: $pypi_token
            codeSamples:
                registry:
                    location: registry.speakeasyapi.dev/codat/codat/bank-feeds-source-python-code-samples
                blocking: false
        banking-library:
            target: python
            source: banking-source
            output: previous-versions/banking
            publish:
                pypi:
                    token: $pypi_token
            codeSamples:
                registry:
                    location: registry.speakeasyapi.dev/codat/codat/banking-source-python-code-samples
                blocking: false
        commerce-library:
            target: python
            source: commerce-source
            output: previous-versions/commerce
            publish:
                pypi:
                    token: $pypi_token
            codeSamples:
                registry:
                    location: registry.speakeasyapi.dev/codat/codat/commerce-source-python-code-samples
                blocking: false
        common-library:
            target: python
            source: common-source
            output: previous-versions/common
            publish:
                pypi:
                    token: $pypi_token
            codeSamples:
                registry:
                    location: registry.speakeasyapi.dev/codat/codat/common-source-python-code-samples
                blocking: false
        files-library:
            target: python
            source: files-source
            output: previous-versions/files
            publish:
                pypi:
                    token: $pypi_token
            codeSamples:
                registry:
                    location: registry.speakeasyapi.dev/codat/codat/files-source-python-code-samples
                blocking: false
        lending-library:
            target: python
            source: lending-source
            output: lending
            publish:
                pypi:
                    token: $pypi_token
            codeSamples:
                registry:
                    location: registry.speakeasyapi.dev/codat/codat/lending-source-python-code-samples
                blocking: false
        platform-library:
            target: python
            source: platform-source
            output: platform
            publish:
                pypi:
                    token: $pypi_token
            codeSamples:
                registry:
                    location: registry.speakeasyapi.dev/codat/codat/platform-source-python-code-samples
                blocking: false
        sync-for-commerce-library:
            target: python
            source: sync-for-commerce-source
            output: sync-for-commerce
            publish:
                pypi:
                    token: $pypi_token
            codeSamples:
                registry:
                    location: registry.speakeasyapi.dev/codat/codat/sync-for-commerce-source-python-code-samples
                blocking: false
        sync-for-commerce-version-1-library:
            target: python
            source: sync-for-commerce-version-1-source
            output: previous-versions/sync-for-commerce-version-1
            publish:
                pypi:
                    token: $pypi_token
        sync-for-expenses-library:
            target: python
            source: sync-for-expenses-source
            output: sync-for-expenses
            publish:
                pypi:
                    token: $pypi_token
            codeSamples:
                registry:
                    location: registry.speakeasyapi.dev/codat/codat/sync-for-expenses-source-python-code-samples
                blocking: false
        sync-for-expenses-version-1-library:
            target: python
            source: sync-for-expenses-version-1-source
            output: previous-versions/sync-for-expenses-version-1
            publish:
                pypi:
                    token: $pypi_token
        sync-for-payables-library:
            target: python
            source: sync-for-payables-source
            output: sync-for-payables
            publish:
                pypi:
                    token: $pypi_token
            codeSamples:
                registry:
                    location: registry.speakeasyapi.dev/codat/codat/sync-for-payables-source-python-code-samples
                blocking: false
        sync-for-payables-version-1-library:
            target: python
            source: sync-for-payables-version-1-source
            output: previous-versions/sync-for-payables-version-1
            publish:
                pypi:
                    token: $pypi_token
            codeSamples:
                registry:
                    location: registry.speakeasyapi.dev/codat/codat/sync-for-payables-version-1-source-python-code-samples
                blocking: false
        sync-for-payroll-library:
            target: python
            source: sync-for-payroll-source
            output: sync-for-payroll
            publish:
                pypi:
                    token: $pypi_token
            codeSamples:
                registry:
                    location: registry.speakeasyapi.dev/codat/codat/sync-for-payroll-source-python-code-samples
                blocking: false
