speakeasyVersion: 1.453.8
sources:
    accounting-source:
        sourceNamespace: accounting-source
        sourceRevisionDigest: sha256:69321f987c271eb886b1235bf55c2eb13b9f2994d6038d7625094c3c6e276d44
        sourceBlobDigest: sha256:1196b9f04ffba9bfc30292d059e6e63e93b26fe3f8ca92cab6d58df8de86c4ca
        tags:
            - latest
            - main
    assess-source:
        sourceNamespace: assess-source
        sourceRevisionDigest: sha256:fc689a909f3360047c372a7fa75818d0909de3c521b92f4c30037918524de981
        sourceBlobDigest: sha256:93a5943e66c0bec898e50532b545a9e2694aa004d1e763c9fadc7424a311c2ed
        tags:
            - latest
            - main
    bank-feeds-source:
        sourceNamespace: bank-feeds-source
        sourceRevisionDigest: sha256:9133167d1473dc045331f1cfa81fb00aa3234e2b2b438f6808f576b259a76be8
        sourceBlobDigest: sha256:b5233f0bab180b8aae271a0d5ab149316931ec9e84a140e1c073a2025305eb7d
        tags:
            - latest
            - speakeasy-sdk-regen-1733825306
            - 3.0.0
    banking-source:
        sourceNamespace: banking-source
        sourceRevisionDigest: sha256:b2683698c6afe88bf4ca96bb8a6d598c19410794ef4f6bc027c755fb59e1434f
        sourceBlobDigest: sha256:78c7d7c24581662bec85176d517f23c35ad9b6e569b1c23ac199b9b50a96063a
        tags:
            - latest
            - main
    commerce-source:
        sourceNamespace: commerce-source
        sourceRevisionDigest: sha256:1e223325fbfece04139fc0c8f9520c5a4a3d0d895614836fd2e12d65182c2471
        sourceBlobDigest: sha256:6f1199c3d0384446a3a88e1c9a018ec6487a1cb391d46f4f4bbf4b7fce00a339
        tags:
            - latest
            - main
    common-source:
        sourceNamespace: common-source
        sourceRevisionDigest: sha256:0bf371cdd8c79c641e4d66c66abf2102492e521956f50a9d0ff2090a5da44822
        sourceBlobDigest: sha256:e1e3f4c3ed16022322bc656bb0e4ef28c04fff8c92c271cc859c6e2b32af5613
        tags:
            - latest
            - main
    files-source:
        sourceNamespace: files-source
        sourceRevisionDigest: sha256:b1abb994c69cf896fcb103548d80466e9e1c94f911aeb14174ce36b77de24670
        sourceBlobDigest: sha256:95e088645c8a70b6c0d755c6f12a0a24b74eda70dcebccc7a0c2f70fec219d81
        tags:
            - latest
            - main
    lending-source:
        sourceNamespace: lending-source
        sourceRevisionDigest: sha256:6a6559ff1708203015c12ef0715df1944b69a78beaaaf74d668bb0699683c35f
        sourceBlobDigest: sha256:b52d78f87b496418a9a1d7ee5f4b78f4ee3ed0a257fba5a6bd13e82a5ed3548f
        tags:
            - latest
            - speakeasy-sdk-regen-1733826112
            - 3.0.0
    platform-source:
        sourceNamespace: platform-source
        sourceRevisionDigest: sha256:43fa77abcae884c23afeea140d8e7fcbc14211c707ef801439ad9508b35b21d4
        sourceBlobDigest: sha256:d80a27e44fffb9c61f16a99e7d25c294f39be1a5a761d51a87c76477f8589f54
        tags:
            - latest
            - speakeasy-sdk-regen-1732624899
            - 3.0.0
    sync-for-commerce-source:
        sourceNamespace: sync-for-commerce-source
        sourceRevisionDigest: sha256:6d5e5550a748f71a9e40dde1c1a69b1719d16b4ba34df3caad9d76471865ed5b
        sourceBlobDigest: sha256:1d1592cd53dae647bff1e58e43cb64f19f9da714cfc6f6198c43659b89b05369
        tags:
            - latest
            - speakeasy-sdk-regen-1732635208
            - "1.1"
    sync-for-expenses-source:
        sourceNamespace: sync-for-expenses-source
        sourceRevisionDigest: sha256:41e2e01d05c1e741182977bc257561fbf22e7d1e144dc86afa13000cc0d713d9
        sourceBlobDigest: sha256:abe56a70fc7e5c5883c7e8a6bef59d69ceb2dc4eddbb3106ae06b6c5acb38408
        tags:
            - latest
            - speakeasy-sdk-regen-1732638431
            - prealpha
    sync-for-payables-source:
        sourceNamespace: sync-for-payables-source
        sourceRevisionDigest: sha256:24533e2542e722cc2a54d350b8124a864d69ed4460b3fda7156caf3e8d822ca0
        sourceBlobDigest: sha256:57b656eed2c5a98f97da8f59e196bb8052ead3cc7c87673cdf5e19c6badbb570
        tags:
            - latest
            - speakeasy-sdk-regen-1732702202
            - 3.0.0
    sync-for-payables-version-1-source:
        sourceNamespace: sync-for-payables-version-1-source
        sourceRevisionDigest: sha256:ab9717c986622b855c68e2ef2fb6e08f3a7ae563776e008d8bd9ab73ebe19508
        sourceBlobDigest: sha256:b5315c8afa06d894adc545f61272bd3e52b92d379f9b4d5928c6393c3e21dfa1
        tags:
            - latest
            - main
targets:
    accounting-library:
        source: accounting-source
        sourceNamespace: accounting-source
        sourceRevisionDigest: sha256:69321f987c271eb886b1235bf55c2eb13b9f2994d6038d7625094c3c6e276d44
        sourceBlobDigest: sha256:1196b9f04ffba9bfc30292d059e6e63e93b26fe3f8ca92cab6d58df8de86c4ca
    assess-library:
        source: assess-source
        sourceNamespace: assess-source
        sourceRevisionDigest: sha256:fc689a909f3360047c372a7fa75818d0909de3c521b92f4c30037918524de981
        sourceBlobDigest: sha256:93a5943e66c0bec898e50532b545a9e2694aa004d1e763c9fadc7424a311c2ed
    bank-feeds-library:
        source: bank-feeds-source
        sourceNamespace: bank-feeds-source
        sourceRevisionDigest: sha256:9133167d1473dc045331f1cfa81fb00aa3234e2b2b438f6808f576b259a76be8
        sourceBlobDigest: sha256:b5233f0bab180b8aae271a0d5ab149316931ec9e84a140e1c073a2025305eb7d
        codeSamplesNamespace: bank-feeds-source-python-code-samples
        codeSamplesRevisionDigest: sha256:213db3e6e8d49d181aa23b48af0e4b8fc917552e39fb8ef2a69edab2eaa52e67
    banking-library:
        source: banking-source
        sourceNamespace: banking-source
        sourceRevisionDigest: sha256:b2683698c6afe88bf4ca96bb8a6d598c19410794ef4f6bc027c755fb59e1434f
        sourceBlobDigest: sha256:78c7d7c24581662bec85176d517f23c35ad9b6e569b1c23ac199b9b50a96063a
    commerce-library:
        source: commerce-source
        sourceNamespace: commerce-source
        sourceRevisionDigest: sha256:1e223325fbfece04139fc0c8f9520c5a4a3d0d895614836fd2e12d65182c2471
        sourceBlobDigest: sha256:6f1199c3d0384446a3a88e1c9a018ec6487a1cb391d46f4f4bbf4b7fce00a339
    common-library:
        source: common-source
        sourceNamespace: common-source
        sourceRevisionDigest: sha256:0bf371cdd8c79c641e4d66c66abf2102492e521956f50a9d0ff2090a5da44822
        sourceBlobDigest: sha256:e1e3f4c3ed16022322bc656bb0e4ef28c04fff8c92c271cc859c6e2b32af5613
    files-library:
        source: files-source
        sourceNamespace: files-source
        sourceRevisionDigest: sha256:b1abb994c69cf896fcb103548d80466e9e1c94f911aeb14174ce36b77de24670
        sourceBlobDigest: sha256:95e088645c8a70b6c0d755c6f12a0a24b74eda70dcebccc7a0c2f70fec219d81
    lending-library:
        source: lending-source
        sourceNamespace: lending-source
        sourceRevisionDigest: sha256:6a6559ff1708203015c12ef0715df1944b69a78beaaaf74d668bb0699683c35f
        sourceBlobDigest: sha256:b52d78f87b496418a9a1d7ee5f4b78f4ee3ed0a257fba5a6bd13e82a5ed3548f
        codeSamplesNamespace: lending-source-python-code-samples
        codeSamplesRevisionDigest: sha256:d10023577a87c786508ad9634f78b1fd6e72689dc60fbe3caf6a62bc74e50528
    platform-library:
        source: platform-source
        sourceNamespace: platform-source
        sourceRevisionDigest: sha256:43fa77abcae884c23afeea140d8e7fcbc14211c707ef801439ad9508b35b21d4
        sourceBlobDigest: sha256:d80a27e44fffb9c61f16a99e7d25c294f39be1a5a761d51a87c76477f8589f54
        codeSamplesNamespace: platform-source-code-samples
        codeSamplesRevisionDigest: sha256:598d4e7d1cb1d3316e6d179038d87797bb54958b2e25315ce6235a50f4afb859
    sync-for-commerce-library:
        source: sync-for-commerce-source
        sourceNamespace: sync-for-commerce-source
        sourceRevisionDigest: sha256:6d5e5550a748f71a9e40dde1c1a69b1719d16b4ba34df3caad9d76471865ed5b
        sourceBlobDigest: sha256:1d1592cd53dae647bff1e58e43cb64f19f9da714cfc6f6198c43659b89b05369
        codeSamplesNamespace: sync-for-commerce-source-code-samples
        codeSamplesRevisionDigest: sha256:3b9ecd425a767a3ec537a2496260b5f66bcc810311faa362630aecb65f6c8367
    sync-for-expenses-library:
        source: sync-for-expenses-source
        sourceNamespace: sync-for-expenses-source
        sourceRevisionDigest: sha256:41e2e01d05c1e741182977bc257561fbf22e7d1e144dc86afa13000cc0d713d9
        sourceBlobDigest: sha256:abe56a70fc7e5c5883c7e8a6bef59d69ceb2dc4eddbb3106ae06b6c5acb38408
        codeSamplesNamespace: sync-for-expenses-source-code-samples
        codeSamplesRevisionDigest: sha256:e6d7dcebdfe01aa1632ae52a84b8845df637387eab47239f688b8c827b10045b
    sync-for-payables-library:
        source: sync-for-payables-source
        sourceNamespace: sync-for-payables-source
        sourceRevisionDigest: sha256:24533e2542e722cc2a54d350b8124a864d69ed4460b3fda7156caf3e8d822ca0
        sourceBlobDigest: sha256:57b656eed2c5a98f97da8f59e196bb8052ead3cc7c87673cdf5e19c6badbb570
        codeSamplesNamespace: sync-for-payables-source-python-code-samples
        codeSamplesRevisionDigest: sha256:ee15bf6aec481ca23d8e2cb43d251e239334292e4affce738c03ef74f3e092b3
    sync-for-payables-version-1-library:
        source: sync-for-payables-version-1-source
        sourceNamespace: sync-for-payables-version-1-source
        sourceRevisionDigest: sha256:ab9717c986622b855c68e2ef2fb6e08f3a7ae563776e008d8bd9ab73ebe19508
        sourceBlobDigest: sha256:b5315c8afa06d894adc545f61272bd3e52b92d379f9b4d5928c6393c3e21dfa1
workflow:
    workflowVersion: 1.0.0
    speakeasyVersion: latest
    sources:
        accounting-source:
            inputs:
                - location: https://raw.githubusercontent.com/codatio/oas/main/yaml/Codat-Accounting.yaml
            registry:
                location: registry.speakeasyapi.dev/codat/codat/accounting-source
        assess-source:
            inputs:
                - location: https://raw.githubusercontent.com/codatio/oas/main/yaml/Codat-Assess.yaml
            registry:
                location: registry.speakeasyapi.dev/codat/codat/assess-source
        bank-feeds-source:
            inputs:
                - location: https://raw.githubusercontent.com/codatio/oas/main/yaml/Codat-Bank-Feeds.yaml
            registry:
                location: registry.speakeasyapi.dev/codat/codat/bank-feeds-source
        banking-source:
            inputs:
                - location: https://raw.githubusercontent.com/codatio/oas/main/yaml/Codat-Banking.yaml
            registry:
                location: registry.speakeasyapi.dev/codat/codat/banking-source
        commerce-source:
            inputs:
                - location: https://raw.githubusercontent.com/codatio/oas/main/yaml/Codat-Commerce.yaml
            registry:
                location: registry.speakeasyapi.dev/codat/codat/commerce-source
        common-source:
            inputs:
                - location: https://raw.githubusercontent.com/codatio/oas/main/yaml/Codat-Platform.yaml
            registry:
                location: registry.speakeasyapi.dev/codat/codat/common-source
        files-source:
            inputs:
                - location: https://raw.githubusercontent.com/codatio/oas/main/yaml/Codat-Files.yaml
            registry:
                location: registry.speakeasyapi.dev/codat/codat/files-source
        lending-source:
            inputs:
                - location: https://raw.githubusercontent.com/codatio/oas/main/yaml/Codat-Lending.yaml
            registry:
                location: registry.speakeasyapi.dev/codat/codat/lending-source
        platform-source:
            inputs:
                - location: https://raw.githubusercontent.com/codatio/oas/main/yaml/Codat-Platform.yaml
            registry:
                location: registry.speakeasyapi.dev/codat/codat/platform-source
        sync-for-commerce-source:
            inputs:
                - location: https://raw.githubusercontent.com/codatio/oas/main/yaml/Codat-Sync-Commerce.yaml
            registry:
                location: registry.speakeasyapi.dev/codat/codat/sync-for-commerce-source
        sync-for-commerce-version-1-source:
            inputs:
                - location: https://raw.githubusercontent.com/codatio/oas/main/yaml/Codat-Sync-Commerce-v1.yaml
        sync-for-expenses-source:
            inputs:
                - location: https://raw.githubusercontent.com/codatio/oas/main/yaml/Codat-Sync-Expenses.yaml
            registry:
                location: registry.speakeasyapi.dev/codat/codat/sync-for-expenses-source
        sync-for-expenses-version-1-source:
            inputs:
                - location: https://raw.githubusercontent.com/codatio/oas/main/yaml/Codat-Sync-Expenses-v1.yaml
        sync-for-payables-source:
            inputs:
                - location: https://raw.githubusercontent.com/codatio/oas/main/yaml/Codat-Sync-Payables.yaml
            registry:
                location: registry.speakeasyapi.dev/codat/codat/sync-for-payables-source
        sync-for-payables-version-1-source:
            inputs:
                - location: https://raw.githubusercontent.com/codatio/oas/main/yaml/Codat-Sync-Payables-v1.yaml
            registry:
                location: registry.speakeasyapi.dev/codat/codat/sync-for-payables-version-1-source
        sync-for-payroll-source:
            inputs:
                - location: https://raw.githubusercontent.com/codatio/oas/main/yaml/Codat-Sync-Payroll.yaml
            registry:
                location: registry.speakeasyapi.dev/codat/codat/sync-for-payroll-source
    targets:
        accounting-library:
            target: python
            source: accounting-source
            output: previous-versions/accounting
            publish:
                pypi:
                    token: $pypi_token
            codeSamples:
                registry:
                    location: registry.speakeasyapi.dev/codat/codat/accounting-source-python-code-samples
                blocking: false
        assess-library:
            target: python
            source: assess-source
            output: previous-versions/assess
            publish:
                pypi:
                    token: $pypi_token
            codeSamples:
                registry:
                    location: registry.speakeasyapi.dev/codat/codat/assess-source-python-code-samples
                blocking: false
        bank-feeds-library:
            target: python
            source: bank-feeds-source
            output: bank-feeds
            publish:
                pypi:
                    token: $pypi_token
            codeSamples:
                registry:
                    location: registry.speakeasyapi.dev/codat/codat/bank-feeds-source-python-code-samples
                blocking: false
        banking-library:
            target: python
            source: banking-source
            output: previous-versions/banking
            publish:
                pypi:
                    token: $pypi_token
            codeSamples:
                registry:
                    location: registry.speakeasyapi.dev/codat/codat/banking-source-python-code-samples
                blocking: false
        commerce-library:
            target: python
            source: commerce-source
            output: previous-versions/commerce
            publish:
                pypi:
                    token: $pypi_token
            codeSamples:
                registry:
                    location: registry.speakeasyapi.dev/codat/codat/commerce-source-python-code-samples
                blocking: false
        common-library:
            target: python
            source: common-source
            output: previous-versions/common
            publish:
                pypi:
                    token: $pypi_token
            codeSamples:
                registry:
                    location: registry.speakeasyapi.dev/codat/codat/common-source-python-code-samples
                blocking: false
        files-library:
            target: python
            source: files-source
            output: previous-versions/files
            publish:
                pypi:
                    token: $pypi_token
            codeSamples:
                registry:
                    location: registry.speakeasyapi.dev/codat/codat/files-source-python-code-samples
                blocking: false
        lending-library:
            target: python
            source: lending-source
            output: lending
            publish:
                pypi:
                    token: $pypi_token
            codeSamples:
                registry:
                    location: registry.speakeasyapi.dev/codat/codat/lending-source-python-code-samples
                blocking: false
        platform-library:
            target: python
            source: platform-source
            output: platform
            publish:
                pypi:
                    token: $pypi_token
            codeSamples:
                registry:
                    location: registry.speakeasyapi.dev/codat/codat/platform-source-python-code-samples
                blocking: false
        sync-for-commerce-library:
            target: python
            source: sync-for-commerce-source
            output: sync-for-commerce
            publish:
                pypi:
                    token: $pypi_token
            codeSamples:
                registry:
                    location: registry.speakeasyapi.dev/codat/codat/sync-for-commerce-source-python-code-samples
                blocking: false
        sync-for-commerce-version-1-library:
            target: python
            source: sync-for-commerce-version-1-source
            output: previous-versions/sync-for-commerce-version-1
            publish:
                pypi:
                    token: $pypi_token
        sync-for-expenses-library:
            target: python
            source: sync-for-expenses-source
            output: sync-for-expenses
            publish:
                pypi:
                    token: $pypi_token
            codeSamples:
                registry:
                    location: registry.speakeasyapi.dev/codat/codat/sync-for-expenses-source-python-code-samples
                blocking: false
        sync-for-expenses-version-1-library:
            target: python
            source: sync-for-expenses-version-1-source
            output: previous-versions/sync-for-expenses-version-1
            publish:
                pypi:
                    token: $pypi_token
        sync-for-payables-library:
            target: python
            source: sync-for-payables-source
            output: sync-for-payables
            publish:
                pypi:
                    token: $pypi_token
            codeSamples:
                registry:
                    location: registry.speakeasyapi.dev/codat/codat/sync-for-payables-source-python-code-samples
                blocking: false
        sync-for-payables-version-1-library:
            target: python
            source: sync-for-payables-version-1-source
            output: previous-versions/sync-for-payables-version-1
            publish:
                pypi:
                    token: $pypi_token
            codeSamples:
                registry:
                    location: registry.speakeasyapi.dev/codat/codat/sync-for-payables-version-1-source-python-code-samples
                blocking: false
        sync-for-payroll-library:
            target: python
            source: sync-for-payroll-source
            output: sync-for-payroll
            publish:
                pypi:
                    token: $pypi_token
            codeSamples:
                registry:
                    location: registry.speakeasyapi.dev/codat/codat/sync-for-payroll-source-python-code-samples
                blocking: false
