lockVersion: 2.0.0
id: 07093ad1-99d8-4bbd-a29c-a624e1b0e25a
management:
  docChecksum: 4dc8263ccdcfe623fbd51a2f54a06f5d
  docVersion: 3.0.0
  speakeasyVersion: internal
  generationVersion: 2.257.2
  releaseVersion: 6.1.1
  configChecksum: e5708ca5e72122e988345930b5e76592
  repoURL: https://github.com/codatio/client-sdk-python.git
  repoSubDirectory: bank-feeds
  installationURL: https://github.com/codatio/client-sdk-python.git#subdirectory=bank-feeds
  published: true
features:
  python:
    constsAndDefaults: 0.1.2
    core: 4.4.6
    deprecations: 2.81.1
    examples: 2.81.3
    globalSecurity: 2.83.2
    globalServerURLs: 2.82.1
    inputOutputModels: 2.83.1
    nameOverrides: 2.81.1
    retries: 2.82.1
generatedFiles:
  - src/codatbankfeeds/sdkconfiguration.py
  - src/codatbankfeeds/companies.py
  - src/codatbankfeeds/connections.py
  - src/codatbankfeeds/account_mapping.py
  - src/codatbankfeeds/source_accounts.py
  - src/codatbankfeeds/bank_accounts.py
  - src/codatbankfeeds/transactions.py
  - src/codatbankfeeds/configuration.py
  - src/codatbankfeeds/sdk.py
  - pylintrc
  - setup.py
  - src/codatbankfeeds/__init__.py
  - src/codatbankfeeds/utils/__init__.py
  - src/codatbankfeeds/utils/retries.py
  - src/codatbankfeeds/utils/utils.py
  - src/codatbankfeeds/models/errors/sdkerror.py
  - tests/helpers.py
  - src/codatbankfeeds/models/operations/create_company.py
  - src/codatbankfeeds/models/operations/delete_company.py
  - src/codatbankfeeds/models/operations/get_company.py
  - src/codatbankfeeds/models/operations/list_companies.py
  - src/codatbankfeeds/models/operations/update_company.py
  - src/codatbankfeeds/models/operations/create_connection.py
  - src/codatbankfeeds/models/operations/delete_connection.py
  - src/codatbankfeeds/models/operations/get_connection.py
  - src/codatbankfeeds/models/operations/list_connections.py
  - src/codatbankfeeds/models/operations/unlink_connection.py
  - src/codatbankfeeds/models/operations/create_bank_account_mapping.py
  - src/codatbankfeeds/models/operations/get_bank_account_mapping.py
  - src/codatbankfeeds/models/operations/create_source_account.py
  - src/codatbankfeeds/models/operations/delete_source_account.py
  - src/codatbankfeeds/models/operations/delete_bank_feed_credentials.py
  - src/codatbankfeeds/models/operations/generate_credentials.py
  - src/codatbankfeeds/models/operations/list_source_accounts.py
  - src/codatbankfeeds/models/operations/update_source_account.py
  - src/codatbankfeeds/models/operations/create_bank_account.py
  - src/codatbankfeeds/models/operations/get_create_bankaccounts_model.py
  - src/codatbankfeeds/models/operations/list_bank_accounts.py
  - src/codatbankfeeds/models/operations/create_bank_transactions.py
  - src/codatbankfeeds/models/operations/get_create_operation.py
  - src/codatbankfeeds/models/operations/list_create_operations.py
  - src/codatbankfeeds/models/operations/get_configuration.py
  - src/codatbankfeeds/models/operations/set_configuration.py
  - src/codatbankfeeds/models/shared/zero.py
  - src/codatbankfeeds/models/shared/company.py
  - src/codatbankfeeds/models/shared/connection.py
  - src/codatbankfeeds/models/shared/dataconnectionstatus.py
  - src/codatbankfeeds/models/shared/dataconnectionerror.py
  - src/codatbankfeeds/models/shared/errorvalidation.py
  - src/codatbankfeeds/models/shared/errorvalidationitem.py
  - src/codatbankfeeds/models/shared/companyrequestbody.py
  - src/codatbankfeeds/models/shared/items.py
  - src/codatbankfeeds/models/shared/companies.py
  - src/codatbankfeeds/models/shared/links.py
  - src/codatbankfeeds/models/shared/halref.py
  - src/codatbankfeeds/models/shared/connections.py
  - src/codatbankfeeds/models/shared/bankfeedaccountmappingresponse.py
  - src/codatbankfeeds/models/shared/bankfeedmapping.py
  - src/codatbankfeeds/models/shared/targetaccountoption.py
  - src/codatbankfeeds/models/shared/sourceaccount.py
  - src/codatbankfeeds/models/shared/bankaccountcredentials.py
  - src/codatbankfeeds/models/shared/bankaccountcreateresponse.py
  - src/codatbankfeeds/models/shared/validation.py
  - src/codatbankfeeds/models/shared/validationitem.py
  - src/codatbankfeeds/models/shared/pushoperationstatus.py
  - src/codatbankfeeds/models/shared/datatype.py
  - src/codatbankfeeds/models/shared/pushoperationchange.py
  - src/codatbankfeeds/models/shared/pushchangetype.py
  - src/codatbankfeeds/models/shared/pushoperationref.py
  - src/codatbankfeeds/models/shared/bankaccountprototype.py
  - src/codatbankfeeds/models/shared/pushoption.py
  - src/codatbankfeeds/models/shared/pushvalidationinfo.py
  - src/codatbankfeeds/models/shared/pushfieldvalidation.py
  - src/codatbankfeeds/models/shared/pushoptiontype.py
  - src/codatbankfeeds/models/shared/pushoptionproperty.py
  - src/codatbankfeeds/models/shared/pushoptionchoice.py
  - src/codatbankfeeds/models/shared/bankaccounts.py
  - src/codatbankfeeds/models/shared/createbanktransactionsresponse.py
  - src/codatbankfeeds/models/shared/createbanktransactions.py
  - src/codatbankfeeds/models/shared/banktransactions.py
  - src/codatbankfeeds/models/shared/pushoperation.py
  - src/codatbankfeeds/models/shared/pushoperations.py
  - src/codatbankfeeds/models/shared/configuration.py
  - src/codatbankfeeds/models/shared/configurationschedule.py
  - src/codatbankfeeds/models/shared/syncconfiguration.py
  - src/codatbankfeeds/models/shared/syncasexpenses.py
  - src/codatbankfeeds/models/shared/configurationsupplier.py
  - src/codatbankfeeds/models/shared/configurationcontactref.py
  - src/codatbankfeeds/models/shared/configurationcustomer.py
  - src/codatbankfeeds/models/shared/bankaccountoption.py
  - src/codatbankfeeds/models/shared/syncasbankfeeds.py
  - src/codatbankfeeds/models/shared/security.py
  - src/codatbankfeeds/models/shared/clientratelimitreachedwebhook.py
  - src/codatbankfeeds/models/shared/clientratelimitreachedwebhookdata.py
  - src/codatbankfeeds/models/shared/clientratelimitresetwebhook.py
  - src/codatbankfeeds/models/shared/clientratelimitresetwebhookdata.py
  - src/codatbankfeeds/models/errors/errormessage.py
  - src/codatbankfeeds/models/webhooks/client_rate_limit_reached.py
  - src/codatbankfeeds/models/webhooks/client_rate_limit_reset.py
  - src/codatbankfeeds/models/__init__.py
  - src/codatbankfeeds/models/errors/__init__.py
  - src/codatbankfeeds/models/operations/__init__.py
  - src/codatbankfeeds/models/shared/__init__.py
  - src/codatbankfeeds/models/webhooks/__init__.py
  - docs/models/operations/createcompanyresponse.md
  - docs/models/operations/deletecompanyrequest.md
  - docs/models/operations/deletecompanyresponse.md
  - docs/models/operations/getcompanyrequest.md
  - docs/models/operations/getcompanyresponse.md
  - docs/models/operations/listcompaniesrequest.md
  - docs/models/operations/listcompaniesresponse.md
  - docs/models/operations/updatecompanyrequest.md
  - docs/models/operations/updatecompanyresponse.md
  - docs/models/operations/createconnectionrequestbody.md
  - docs/models/operations/createconnectionrequest.md
  - docs/models/operations/createconnectionresponse.md
  - docs/models/operations/deleteconnectionrequest.md
  - docs/models/operations/deleteconnectionresponse.md
  - docs/models/operations/getconnectionrequest.md
  - docs/models/operations/getconnectionresponse.md
  - docs/models/operations/listconnectionsrequest.md
  - docs/models/operations/listconnectionsresponse.md
  - docs/models/operations/unlinkconnectionupdateconnection.md
  - docs/models/operations/unlinkconnectionrequest.md
  - docs/models/operations/unlinkconnectionresponse.md
  - docs/models/operations/createbankaccountmappingrequest.md
  - docs/models/operations/createbankaccountmappingresponse.md
  - docs/models/operations/getbankaccountmappingrequest.md
  - docs/models/operations/getbankaccountmappingresponse.md
  - docs/models/operations/createsourceaccountrequest.md
  - docs/models/operations/createsourceaccountresponse.md
  - docs/models/operations/deletesourceaccountrequest.md
  - docs/models/operations/deletesourceaccountresponse.md
  - docs/models/operations/deletebankfeedcredentialsrequest.md
  - docs/models/operations/deletebankfeedcredentialsresponse.md
  - docs/models/operations/generatecredentialsrequest.md
  - docs/models/operations/generatecredentialsresponse.md
  - docs/models/operations/listsourceaccountsrequest.md
  - docs/models/operations/listsourceaccountsresponse.md
  - docs/models/operations/updatesourceaccountrequest.md
  - docs/models/operations/updatesourceaccountresponse.md
  - docs/models/operations/createbankaccountrequest.md
  - docs/models/operations/createbankaccountresponse.md
  - docs/models/operations/getcreatebankaccountsmodelrequest.md
  - docs/models/operations/getcreatebankaccountsmodelresponse.md
  - docs/models/operations/listbankaccountsrequest.md
  - docs/models/operations/listbankaccountsresponse.md
  - docs/models/operations/createbanktransactionsrequest.md
  - docs/models/operations/createbanktransactionsresponse.md
  - docs/models/operations/getcreateoperationrequest.md
  - docs/models/operations/getcreateoperationresponse.md
  - docs/models/operations/listcreateoperationsrequest.md
  - docs/models/operations/listcreateoperationsresponse.md
  - docs/models/operations/getconfigurationrequest.md
  - docs/models/operations/getconfigurationresponse.md
  - docs/models/operations/setconfigurationrequest.md
  - docs/models/operations/setconfigurationresponse.md
  - docs/models/shared/zero.md
  - docs/models/shared/groupreference.md
  - docs/models/shared/company.md
  - docs/models/shared/sourcetype.md
  - docs/models/shared/connection.md
  - docs/models/shared/dataconnectionstatus.md
  - docs/models/shared/dataconnectionerror.md
  - docs/models/shared/errorvalidation.md
  - docs/models/shared/errorvalidationitem.md
  - docs/models/shared/companyrequestbody.md
  - docs/models/shared/items.md
  - docs/models/shared/companies.md
  - docs/models/shared/links.md
  - docs/models/shared/halref.md
  - docs/models/shared/connections.md
  - docs/models/shared/bankfeedaccountmappingresponse.md
  - docs/models/shared/bankfeedmapping.md
  - docs/models/shared/targetaccountoption.md
  - docs/models/shared/sourceaccount.md
  - docs/models/shared/bankaccountcredentials.md
  - docs/models/shared/bankaccountcreateresponsebankaccounttype.md
  - docs/models/shared/metadata.md
  - docs/models/shared/supplementaldata.md
  - docs/models/shared/accountingbankaccount.md
  - docs/models/shared/bankaccountcreateresponse.md
  - docs/models/shared/validation.md
  - docs/models/shared/validationitem.md
  - docs/models/shared/pushoperationstatus.md
  - docs/models/shared/datatype.md
  - docs/models/shared/pushoperationchange.md
  - docs/models/shared/pushchangetype.md
  - docs/models/shared/pushoperationref.md
  - docs/models/shared/bankaccounttype.md
  - docs/models/shared/bankaccountprototype.md
  - docs/models/shared/pushoption.md
  - docs/models/shared/pushvalidationinfo.md
  - docs/models/shared/pushfieldvalidation.md
  - docs/models/shared/pushoptiontype.md
  - docs/models/shared/pushoptionproperty.md
  - docs/models/shared/pushoptionchoice.md
  - docs/models/shared/bankaccountsbankaccounttype.md
  - docs/models/shared/bankaccountsmetadata.md
  - docs/models/shared/bankaccountssupplementaldata.md
  - docs/models/shared/bankaccountsaccountingbankaccount.md
  - docs/models/shared/bankaccounts.md
  - docs/models/shared/createbanktransactionsresponse.md
  - docs/models/shared/createbanktransactions.md
  - docs/models/shared/banktransactiontype.md
  - docs/models/shared/banktransactions.md
  - docs/models/shared/pushoperation.md
  - docs/models/shared/pushoperations.md
  - docs/models/shared/configuration.md
  - docs/models/shared/configurationschedule.md
  - docs/models/shared/syncconfiguration.md
  - docs/models/shared/syncasexpenses.md
  - docs/models/shared/configurationsupplier.md
  - docs/models/shared/configurationcontactref.md
  - docs/models/shared/configurationcustomer.md
  - docs/models/shared/bankaccountoption.md
  - docs/models/shared/syncasbankfeeds.md
  - docs/models/shared/security.md
  - docs/models/shared/clientratelimitreachedwebhook.md
  - docs/models/shared/clientratelimitreachedwebhookdata.md
  - docs/models/shared/clientratelimitresetwebhook.md
  - docs/models/shared/clientratelimitresetwebhookdata.md
  - docs/models/errors/errormessage.md
  - docs/models/webhooks/clientratelimitreachedresponse.md
  - docs/models/webhooks/clientratelimitresetresponse.md
  - docs/sdks/codatbankfeeds/README.md
  - docs/models/utils/retryconfig.md
  - docs/sdks/companies/README.md
  - docs/sdks/connections/README.md
  - docs/sdks/accountmapping/README.md
  - docs/sdks/sourceaccounts/README.md
  - docs/sdks/bankaccounts/README.md
  - docs/sdks/transactions/README.md
  - docs/sdks/configuration/README.md
  - USAGE.md
  - .gitattributes
